<?xml version="1.0" encoding="utf-8"?>
<Project ToolsVersion="4.0" xmlns="http://schemas.microsoft.com/developer/msbuild/2003">
  <ItemGroup>
    <Filter Include="源文件">
      <UniqueIdentifier>{4FC737F1-C7A5-4376-A066-2A32D752A2FF}</UniqueIdentifier>
      <Extensions>cpp;c;cc;cxx;c++;cppm;ixx;def;odl;idl;hpj;bat;asm;asmx</Extensions>
    </Filter>
    <Filter Include="头文件">
      <UniqueIdentifier>{93995380-89BD-4b04-88EB-625FBE52EBFB}</UniqueIdentifier>
      <Extensions>h;hh;hpp;hxx;h++;hm;inl;inc;ipp;xsd</Extensions>
    </Filter>
    <Filter Include="资源文件">
      <UniqueIdentifier>{67DA6AB6-F800-4c08-8B7A-83BB121AAD01}</UniqueIdentifier>
      <Extensions>rc;ico;cur;bmp;dlg;rc2;rct;bin;rgs;gif;jpg;jpeg;jpe;resx;tiff;tif;png;wav;mfcribbon-ms</Extensions>
    </Filter>
  </ItemGroup>
  <ItemGroup>
    <ClInclude Include="controller\OtherComponent.hpp">
      <Filter>头文件</Filter>
    </ClInclude>
    <ClInclude Include="controller\Router.h">
      <Filter>头文件</Filter>
    </ClInclude>
    <ClInclude Include="domain\do\DoInclude.h">
      <Filter>头文件</Filter>
    </ClInclude>
    <ClInclude Include="domain\GlobalInclude.h">
      <Filter>头文件</Filter>
    </ClInclude>
    <ClInclude Include="Macros.h">
      <Filter>头文件</Filter>
    </ClInclude>
    <ClInclude Include="ServerInfo.h">
      <Filter>头文件</Filter>
    </ClInclude>
    <ClInclude Include="stdafx.h">
      <Filter>头文件</Filter>
    </ClInclude>
    <ClInclude Include="domain\dto\employeeInfo\EmployeeInfoAddDTO.h">
      <Filter>头文件</Filter>
    </ClInclude>
    <ClInclude Include="domain\query\employeeInfo\EmployeeInfoQuery.h">
      <Filter>头文件</Filter>
    </ClInclude>
    <ClInclude Include="domain\dto\employeeInfo\EmployeeInfoDTO.h">
      <Filter>头文件</Filter>
    </ClInclude>
    <ClInclude Include="domain\query\jobList\JobListQuery.h">
      <Filter>头文件</Filter>
    </ClInclude>
    <ClInclude Include="controller\employeeInfo\EmployeeInfoController.h">
      <Filter>头文件</Filter>
    </ClInclude>
    <ClInclude Include="domain\dto\org\ImportDTO.h">
      <Filter>头文件</Filter>
    </ClInclude>
    <ClInclude Include="domain\dto\org\MemberDTO.h">
      <Filter>头文件</Filter>
    </ClInclude>
    <ClInclude Include="domain\dto\org\OrgDTO.h">
      <Filter>头文件</Filter>
    </ClInclude>
    <ClInclude Include="controller\EmployeeInformation\EmployeeInformationController.h">
      <Filter>头文件</Filter>
    </ClInclude>
    <ClInclude Include="domain\vo\EmployeeInformation\EmployeeInformationVO.h">
      <Filter>头文件</Filter>
    </ClInclude>
    <ClInclude Include="domain\query\EmployeeInformationPageQuery\EmployeeInformationPageQuery.h">
      <Filter>头文件</Filter>
    </ClInclude>
    <ClInclude Include="domain\dto\EmployeeInformationPageQuery\EmployeeInformationPageQueryDTO.h">
      <Filter>头文件</Filter>
    </ClInclude>
    <ClInclude Include="domain\query\orgquery\ImportQuery.h">
      <Filter>头文件</Filter>
    </ClInclude>
    <ClInclude Include="domain\query\orgquery\MemberQuery.h">
      <Filter>头文件</Filter>
    </ClInclude>
    <ClInclude Include="domain\query\orgquery\RootOrgQuery.h">
      <Filter>头文件</Filter>
    </ClInclude>
    <ClInclude Include="domain\query\orgquery\SectorQuery.h">
      <Filter>头文件</Filter>
    </ClInclude>
    <ClInclude Include="domain\query\orgquery\ValidOrgQuery.h">
      <Filter>头文件</Filter>
    </ClInclude>
    <ClInclude Include="domain\vo\org\ImportVO.h">
      <Filter>头文件</Filter>
    </ClInclude>
    <ClInclude Include="domain\vo\org\MemberVO.h">
      <Filter>头文件</Filter>
    </ClInclude>
    <ClInclude Include="domain\vo\org\OrgVO.h">
      <Filter>头文件</Filter>
    </ClInclude>
    <ClInclude Include="controller\employeeInfo\EmployeeInfoController.h">
      <Filter>头文件</Filter>
    </ClInclude>
    <ClInclude Include="controller\organizationDepartmentTreeStructure\organizationDepartmentTreeStructure.h">
      <Filter>头文件</Filter>
    </ClInclude>
    <ClInclude Include="domain\dto\org\MemberDTO.h">
      <Filter>头文件</Filter>
    </ClInclude>
    <ClInclude Include="domain\do\employeeInfo\EmployeeInfoDO.h">
      <Filter>头文件</Filter>
    </ClInclude>
    <ClInclude Include="service\employeeInfo\EmployeeInfoService.h">
      <Filter>头文件</Filter>
    </ClInclude>
    <ClInclude Include="dao\employeeInfo\EmployeeInfoDAO.h">
      <Filter>头文件</Filter>
    </ClInclude>
    <ClInclude Include="dao\employeeInfo\EmployeeInfoMapper.h">
      <Filter>头文件</Filter>
    </ClInclude>
    <ClInclude Include="domain\do\EmployeeInformationPage\EmployeeInformationPageDO.h">
      <Filter>头文件</Filter>
    </ClInclude>
    <ClInclude Include="domain\do\Org\RootOrgDO.h">
      <Filter>头文件</Filter>
    </ClInclude>
    <ClInclude Include="domain\do\Org\SectorDO.h">
      <Filter>头文件</Filter>
    </ClInclude>
    <ClInclude Include="domain\do\Org\ValidOrgDO.h">
      <Filter>头文件</Filter>
    </ClInclude>
    <ClInclude Include="dao\EmployeeInformation\EmployeeInformationDAO.h">
      <Filter>头文件</Filter>
    </ClInclude>
    <ClInclude Include="dao\EmployeeInformation\EmployeeInformationMapper.h">
      <Filter>头文件</Filter>
    </ClInclude>
    <ClInclude Include="domain\do\jobList\JobListDO.h">
      <Filter>头文件</Filter>
    </ClInclude>
    <ClInclude Include="dao\jobList\JobListDAO.h">
      <Filter>头文件</Filter>
    </ClInclude>
    <ClInclude Include="dao\jobList\JobListMapper.h">
      <Filter>头文件</Filter>
    </ClInclude>
    <ClInclude Include="service\jobList\JobListService.h">
      <Filter>头文件</Filter>
    </ClInclude>
    <ClInclude Include="domain\vo\employeeInfo\EmployeeInfoVO.h">
      <Filter>头文件</Filter>
    </ClInclude>
    <ClInclude Include="service\EmployeeInformation\EmployeeInformationServicer.h">
      <Filter>头文件</Filter>
    </ClInclude>
    <ClInclude Include="domain\do\org\MemberDO.h">
      <Filter>头文件</Filter>
    </ClInclude>
    <ClInclude Include="domain\do\org\OrgDO.h">
      <Filter>头文件</Filter>
    </ClInclude>
    <ClInclude Include="domain\query\EmployeeInformationPageQuery\EmployeeExportQuery.h">
      <Filter>头文件</Filter>
    </ClInclude>
    <ClInclude Include="dao\org\OrgDAO.h">
      <Filter>头文件</Filter>
    </ClInclude>
    <ClInclude Include="dao\org\OrgMapper.h">
      <Filter>头文件</Filter>
    </ClInclude>
    <ClInclude Include="service\org\OrgService.h">
      <Filter>头文件</Filter>
    </ClInclude>
    <ClInclude Include="domain\vo\jobList\JobListVO.h">
      <Filter>头文件</Filter>
    </ClInclude>
    <ClInclude Include="dao\org\OrgTreeMapper.h">
      <Filter>头文件</Filter>
    </ClInclude>
    <ClInclude Include="service\org\TreeOrgMapper.h">
      <Filter>头文件</Filter>
    </ClInclude>
    <ClInclude Include="domain\do\org\OrgTreeDO.h">
      <Filter>头文件</Filter>
    </ClInclude>
    <ClInclude Include="domain\dto\org\OrgTreeDTO.h">
      <Filter>头文件</Filter>
    </ClInclude>
    <ClInclude Include="domain\query\orgQuery\OrgTreeQuery.h">
      <Filter>头文件</Filter>
    </ClInclude>
    <ClInclude Include="domain\vo\org\OrgTreeVO.h">
      <Filter>头文件</Filter>
    </ClInclude>
    <ClInclude Include="domain\dto\importInfo\ImportInfoDTO.h">
      <Filter>头文件</Filter>
    </ClInclude>
    <ClInclude Include="domain\vo\importInfo\importInfoVO.h">
      <Filter>头文件</Filter>
    </ClInclude>
    <ClInclude Include="uselib\excel\ExportExcel.h">
      <Filter>头文件</Filter>
    </ClInclude>
    <ClInclude Include="uselib\fastdfs\UseFastDfs.h">
      <Filter>头文件</Filter>
    </ClInclude>
  </ItemGroup>
  <ItemGroup>
    <ClCompile Include="controller\Router.cpp">
      <Filter>源文件</Filter>
    </ClCompile>
    <ClCompile Include="controller\SystemInterceptor.cpp">
      <Filter>源文件</Filter>
    </ClCompile>
    <ClCompile Include="main.cpp">
      <Filter>源文件</Filter>
    </ClCompile>
    <ClCompile Include="stdafx.cpp">
      <Filter>源文件</Filter>
    </ClCompile>
    <ClCompile Include="controller\employeeInfo\EmployeeInfoController.cpp">
      <Filter>源文件</Filter>
    </ClCompile>
    <ClCompile Include="controller\organizationDepartmentTreeStructure\organizationDepartmentTreeStructure.cpp">
      <Filter>源文件</Filter>
    </ClCompile>
    <ClCompile Include="controller\EmployeeInformation\EmployeeInformationController.cpp">
      <Filter>源文件</Filter>
    </ClCompile>
    <ClCompile Include="service\employeeInfo\EmployeeInfoService.cpp">
      <Filter>源文件</Filter>
    </ClCompile>
    <ClCompile Include="dao\employeeInfo\EmployeeInfoDAO.cpp">
      <Filter>源文件</Filter>
    </ClCompile>
    <ClCompile Include="dao\EmployeeInformation\EmployeeInformationDAO.cpp">
      <Filter>源文件</Filter>
    </ClCompile>
    <ClCompile Include="dao\jobList\JobListDAO.cpp">
      <Filter>源文件</Filter>
    </ClCompile>
    <ClCompile Include="service\jobList\JobListService.cpp">
      <Filter>源文件</Filter>
    </ClCompile>
    <ClCompile Include="service\EmployeeInformation\EmployeeInformationServicer.cpp">
      <Filter>源文件</Filter>
    </ClCompile>
    <ClCompile Include="dao\org\OrgDAO.cpp">
      <Filter>源文件</Filter>
    </ClCompile>
    <ClCompile Include="service\org\OrgService.cpp">
      <Filter>源文件</Filter>
    </ClCompile>
    <ClCompile Include="uselib\excel\ExportExcel.cpp">
      <Filter>源文件</Filter>
    </ClCompile>
    <ClCompile Include="uselib\fastdfs\UseFastDfs.cpp">
      <Filter>源文件</Filter>
    </ClCompile>
  </ItemGroup>
</Project>