<?xml version="1.0" encoding="utf-8"?>
<Project ToolsVersion="4.0" xmlns="http://schemas.microsoft.com/developer/msbuild/2003">
  <ItemGroup>
    <ClCompile Include="controller\projTag\addTagController\AddTagController.cpp" />
    <ClCompile Include="controller\projTag\importTagController\ImportTagController.cpp" />
    <ClCompile Include="controller\projTag\postDeleteController\PostDeleteController.cpp" />
    <ClCompile Include="controller\projTag\postQueryController\PostQueryController.cpp" />
    <ClCompile Include="controller\jobSet\importJobController\ImportJobController.cpp" />
    <ClCompile Include="controller\projTag\exportProjTagController\ExportProjTagController.cpp" />
    <ClCompile Include="controller\Router.cpp" />
    <ClCompile Include="controller\SystemInterceptor.cpp" />
    <ClCompile Include="main.cpp" />
    <ClCompile Include="stdafx.cpp" />
    <ClCompile Include="testlib\jwt\TestToken.cpp" />
  </ItemGroup>
  <ItemGroup>
    <ClInclude Include="controller\projTag\addTagController\AddTagController.h" />
    <ClInclude Include="controller\projTag\importTagController\ImportTagController.h" />
    <ClInclude Include="controller\projTag\postDeleteController\PostDeleteController.h" />
    <ClInclude Include="controller\projTag\postQueryController\PostQueryController.h" />
    <ClInclude Include="controller\jobSet\importJobController\ImportJobController.h" />
    <ClInclude Include="controller\jobSet\JobController.h" />
    <ClInclude Include="controller\OtherComponent.hpp" />
    <ClInclude Include="controller\projTag\exportProjTagController\ExportProjTagController.h" />
    <ClInclude Include="controller\Router.h" />
    <ClInclude Include="domain\do\DoInclude.h" />
    <ClInclude Include="domain\dto\postSet\PostDeleteDTO.h" />
    <ClInclude Include="domain\dto\postSet\PostDetailDTO.h" />
    <ClInclude Include="domain\dto\projTag\ImportTagDTO.h" />
    <ClInclude Include="domain\dto\projTag\ProjTagDTO.h" />
    <ClInclude Include="domain\dto\pullList\PullListDTO.h" />
    <ClInclude Include="domain\GlobalInclude.h" />
    <ClInclude Include="domain\query\postSet\PostDetailQuery.h" />
    <ClInclude Include="domain\vo\postSet\PostDetailVO.h" />
    <ClInclude Include="domain\dto\jobSet\ImportJobDTO.h" />
    <ClInclude Include="domain\query\projTag\ExportProjTagQuery.h" />
    <ClInclude Include="domain\vo\jobSet\ImportJobVO.h" />
    <ClInclude Include="domain\vo\projTag\ImportTagVO.h" />
    <ClInclude Include="domain\vo\projTag\ProjTagVO.h" />
    <ClInclude Include="Macros.h" />
    <ClInclude Include="ServerInfo.h" />
    <ClInclude Include="stdafx.h" />
    <ClInclude Include="testlib\jwt\TestToken.h" />
    <ClInclude Include="domain\do\sector\SectorDO.h" />
  </ItemGroup>
</Project>