<?xml version="1.0" encoding="utf-8"?>
<Project ToolsVersion="4.0" xmlns="http://schemas.microsoft.com/developer/msbuild/2003">
  <ItemGroup>
    <ClCompile Include="controller\projTag\addTagController\AddTagController.cpp" />
    <ClCompile Include="controller\projTag\importTagController\ImportTagController.cpp" />
    <ClCompile Include="controller\jobSet\postDeleteController\PostDeleteController.cpp" />
    <ClCompile Include="controller\jobSet\postQueryController\PostQueryController.cpp" />
    <ClCompile Include="controller\jobSet\importJobController\ImportJobController.cpp" />
    <ClCompile Include="controller\projTag\exportProjTagController\ExportProjTagController.cpp" />
    <ClCompile Include="controller\Router.cpp" />
    <ClCompile Include="controller\SystemInterceptor.cpp" />
    <ClCompile Include="main.cpp" />
    <ClCompile Include="stdafx.cpp" />
    <ClCompile Include="controller\projTag\modifyProjTagController\ModifyProjTagController.cpp" />
    <ClCompile Include="uselib\jwt\TestToken.cpp" />
    <ClCompile Include="controller\projTag\pageQueryProjTagList\PageQueryProjTagListController.cpp" />
    <ClCompile Include="controller\projTag\deleteProjTag\DeleteProjTagController.cpp" />
    <ClCompile Include="controller\jobSet\jobUpdate\JobUpdateController.cpp" />
    <ClCompile Include="controller\jobSet\jobOutput\JobOutputController.cpp" />
    <ClCompile Include="service\projTag\ProjTagService.cpp" />
    <ClCompile Include="dao\projTag\ProjTagDAO.cpp" />
    <ClCompile Include="controller\orgbz\PageQueryBzController.cpp" />
    <ClCompile Include="controller\projTag\queryOrgList\QueryOrgListController.cpp" />
    <ClCompile Include="service\jobSet\postDeleteService\PostDeleteService.cpp" />
    <ClCompile Include="service\jobSet\postQueryService\PostQueryService.cpp" />
    <ClCompile Include="dao\jobSet\postQueryDAO\PostQueryDAO.cpp" />
    <ClCompile Include="dao\jobSet\postDeleteDAO\PostDeleteDAO.cpp" />
    <ClCompile Include="service\jobSet\JobSetService.cpp" />
    <ClCompile Include="dao\jobSet\JobSetDAO.cpp" />
    <ClCompile Include="controller\jobSet\addJobController\AddJobController.cpp" />
    <ClCompile Include="uselib\excel\ExportExcel.cpp" />
    <ClCompile Include="uselib\fastdfs\UseFastDfs.cpp" />
    <ClCompile Include="dao\projTag\DeleteProjTagDAO.cpp" />
    <ClCompile Include="service\projTag\deleteProjTagService\DeleteProjTagService.cpp" />
    <ClCompile Include="service\jobSet\jobUpdateService\JobUpdateService.cpp" />
    <ClCompile Include="dao\jobSet\jobUpdateDAO\JobUpdteDAO.cpp" />
    <ClCompile Include="dao\jobSet\jobExportDAO\JobExportDAO.cpp" />
    <ClCompile Include="dao\orgbz\PageQueryBzDAO.cpp" />
    <ClCompile Include="service\orgbz\PageQueryBzService.cpp" />
    <ClCompile Include="controller\projTag\itemLabel\ItemLabelController.cpp" />
    <ClCompile Include="service\projTag\itemLabel\ItemLabelService.cpp" />
    <ClCompile Include="dao\projTag\itemLabel\ItemLabelDAO.cpp" />
    <ClCompile Include="service\jobSet\jobOutputService\JobOutputService.cpp" />
  </ItemGroup>
  <ItemGroup>
    <ClInclude Include="controller\projTag\addTagController\AddTagController.h" />
    <ClInclude Include="controller\projTag\importTagController\ImportTagController.h" />
    <ClInclude Include="controller\jobSet\postDeleteController\PostDeleteController.h" />
    <ClInclude Include="controller\jobSet\postQueryController\PostQueryController.h" />
    <ClInclude Include="controller\jobSet\importJobController\ImportJobController.h" />
    <ClInclude Include="controller\OtherComponent.hpp" />
    <ClInclude Include="controller\projTag\exportProjTagController\ExportProjTagController.h" />
    <ClInclude Include="controller\projTag\modifyProjTagController\ModifyProjTagController.h" />
    <ClInclude Include="controller\Router.h" />
    <ClInclude Include="domain\do\DoInclude.h" />
    <ClInclude Include="domain\dto\postSet\PostDeleteDTO.h" />
    <ClInclude Include="domain\dto\postSet\PostDetailDTO.h" />
    <ClInclude Include="domain\dto\projTag\ImportTagDTO.h" />
    <ClInclude Include="domain\dto\projTag\ProjTagDTO.h" />
    <ClInclude Include="domain\GlobalInclude.h" />
    <ClInclude Include="domain\query\postSet\PostDetailQuery.h" />
    <ClInclude Include="domain\vo\postSet\PostDetailVO.h" />
    <ClInclude Include="domain\query\projTag\ExportProjTagQuery.h" />
    <ClInclude Include="domain\vo\jobSet\ImportJobVO.h" />
    <ClInclude Include="domain\vo\projTag\ImportTagVO.h" />
    <ClInclude Include="domain\vo\projTag\ProjTagVO.h" />
    <ClInclude Include="Macros.h" />
    <ClInclude Include="ServerInfo.h" />
    <ClInclude Include="stdafx.h" />
    <ClInclude Include="domain\do\sector\SectorDO.h" />
    <ClInclude Include="domain\dto\projTag\ModifyTagDTO.h" />
    <ClInclude Include="uselib\jwt\TestToken.h" />
    <ClInclude Include="controller\projTag\pageQueryProjTagList\PageQueryProjTagListController.h" />
    <ClInclude Include="controller\projTag\deleteProjTag\DeleteProjTagController.h" />
    <ClInclude Include="domain\dto\projTag\DeleteProjTagDTO.h" />
    <ClInclude Include="domain\query\projTag\PageProjTagQuery.h" />
    <ClInclude Include="domain\dto\itemLabel\ItemLabelDTO.h" />
    <ClInclude Include="domain\query\itemlabel\ItemlabelQuery.h" />
    <ClInclude Include="domain\vo\itemLabel\ItemLabelVO.h" />
    <ClInclude Include="domain\do\projTag\ProjTagDO.h" />
    <ClInclude Include="domain\vo\jobDownload\JobDownloadVO.h" />
    <ClInclude Include="domain\dto\jobDownload\JobDownloadDTO.h" />
    <ClInclude Include="domain\dto\jobUpdate\JobUpdateDTO.h" />
    <ClInclude Include="service\projTag\ProjTagService.h" />
    <ClInclude Include="dao\projTag\ProjTagDAO.h" />
    <ClInclude Include="controller\orgbz\PageQueryBzController.h" />
    <ClInclude Include="domain\query\orgbz\PageBzQuery.h" />
    <ClInclude Include="controller\projTag\queryOrgList\QueryOrgListController.h" />
    <ClInclude Include="domain\dto\projTag\OrgListDTO.h" />
    <ClInclude Include="domain\query\projTag\OrgListQuery.h" />
    <ClInclude Include="domain\vo\projTag\OrgListVO.h" />
    <ClInclude Include="service\jobSet\postDeleteService\PostDeleteService.h" />
    <ClInclude Include="service\jobSet\postQueryService\PostQueryService.h" />
    <ClInclude Include="dao\jobSet\postQueryDAO\PostQueryDAO.h" />
    <ClInclude Include="dao\jobSet\postQueryDAO\PostQueryMapper.h" />
    <ClInclude Include="dao\jobSet\postDeleteDAO\PostDeleteDAO.h" />
    <ClInclude Include="domain\do\postSet\PostDetailDO.h" />
    <ClInclude Include="domain\vo\postSet\PostDeleteBatchVO.h" />
    <ClInclude Include="domain\do\projTag\OrgListDO.h" />
    <ClInclude Include="dao\projTag\OrgListMapper.h" />
    <ClInclude Include="controller\jobSet\jobOutput\JobOutputController.h" />
    <ClInclude Include="service\jobSet\JobSetService.h" />
    <ClInclude Include="dao\jobSet\JobSetDAO.h" />
    <ClInclude Include="controller\jobSet\addJobController\AddJobController.h" />
    <ClInclude Include="domain\dto\addJob\AddJobDTO.h" />
    <ClInclude Include="dao\projTag\ProjTagMapper.h" />
    <ClInclude Include="dao\projTag\ProjTagListMapper.h" />
    <ClInclude Include="uselib\excel\ExportExcel.h" />
    <ClInclude Include="uselib\fastdfs\UseFastDfs.h" />
    <ClInclude Include="dao\projTag\DeleteProjTagDAO.h" />
    <ClInclude Include="domain\vo\projTag\DeleteProjTagBatchVO.h" />
    <ClInclude Include="service\projTag\deleteProjTagService\DeleteProjTagService.h" />
    <ClInclude Include="controller\jobSet\jobUpdate\JobUpdateController.h" />
    <ClInclude Include="domain\dto\projTag\AddProjTagDTO.h" />
    <ClInclude Include="domain\vo\projTag\PageQueryProjTagVO.h" />
    <ClInclude Include="domain\dto\jobSet\ImportJobDTO.h" />
    <ClInclude Include="domain\dto\jobSet\jobUpdateDto\JobUpdateDTO.h" />
    <ClInclude Include="domain\dto\jobSet\jobDownloadDto\JobDownloadDTO.h" />
    <ClInclude Include="service\jobSet\jobUpdateService\JobUpdateService.h" />
    <ClInclude Include="dao\jobSet\jobUpdateDAO\JobUpdteDAO.h" />
    <ClInclude Include="dao\jobSet\jobExportDAO\JobExportDAO.h" />
    <ClInclude Include="dao\jobSet\jobExportDAO\JobExportMapper.h" />
    <ClInclude Include="domain\vo\jobSet\JobUpdateVO\JobUpdateVO.h" />
    <ClInclude Include="domain\vo\jobSet\JobDownloadVO\JobDownloadVO.h" />
    <ClInclude Include="domain\vo\jobUpdate\JobUpdateVO.h" />
    <ClInclude Include="dao\orgbz\PageQueryBzDAO.h" />
    <ClInclude Include="dao\orgbz\PageQueryBzMapper.h" />
    <ClInclude Include="domain\do\orgbz\PageQueryBzDO.h" />
    <ClInclude Include="domain\dto\orgbz\PageQueryBzDTO.h" />
    <ClInclude Include="domain\vo\orgbz\PageQueryBzVO.h" />
    <ClInclude Include="service\orgbz\PageQueryBzService.h" />
    <ClInclude Include="domain\dto\jobSet\jobUpdate\JobUpdateDTO.h" />
    <ClInclude Include="domain\dto\jobSet\jobDownload\JobDownloadDTO.h" />
    <ClInclude Include="controller\projTag\itemLabel\ItemLabelController.h" />
    <ClInclude Include="service\projTag\itemLabel\ItemLabelService.h" />
    <ClInclude Include="dao\projTag\itemLabel\ItemLabelDAO.h" />
    <ClInclude Include="dao\projTag\itemLabel\ItemLabelMapper.h" />
    <ClInclude Include="service\jobSet\jobOutputService\JobOutputService.h" />
  </ItemGroup>
</Project>