<?xml version="1.0" encoding="utf-8"?>
<Project ToolsVersion="4.0" xmlns="http://schemas.microsoft.com/developer/msbuild/2003">
  <ItemGroup>
    <ClCompile Include="controller\Filereservation\FilereservationController.cpp" />
    <ClCompile Include="controller\Filestatus\FilestatusController.cpp" />
    <ClCompile Include="controller\Router.cpp" />
    <ClCompile Include="controller\SystemInterceptor.cpp" />
    <ClCompile Include="main.cpp" />
    <ClCompile Include="stdafx.cpp" />
  </ItemGroup>
  <ItemGroup>
    <ClInclude Include="stdafx.h">
      <Filter>Header Files</Filter>
    </ClInclude>
    <ClInclude Include="ServerInfo.h">
      <Filter>Header Files</Filter>
    </ClInclude>
    <ClInclude Include="Macros.h">
      <Filter>Header Files</Filter>
    </ClInclude>
    <ClInclude Include="domain\do\DoInclude.h">
      <Filter>Header Files</Filter>
    </ClInclude>
    <ClInclude Include="controller\OtherComponent.hpp">
      <Filter>Header Files</Filter>
    </ClInclude>
    <ClInclude Include="controller\Router.h">
      <Filter>Header Files</Filter>
    </ClInclude>
    <ClInclude Include="domain\query\certs\ProfCertsQuery.h">
      <Filter>Header Files</Filter>
    </ClInclude>
    <ClInclude Include="controller\certDropDownList\profCertsList\ProfCertsListController.h">
      <Filter>Header Files</Filter>
    </ClInclude>
    <ClInclude Include="domain\dto\certs\ProfCertsDTO.h">
      <Filter>Header Files</Filter>
    </ClInclude>
    <ClInclude Include="domain\vo\certs\ProfCertsVO.h">
      <Filter>Header Files</Filter>
    </ClInclude>
    <ClInclude Include="domain\dto\certs\CertTypeDTO.h">
      <Filter>Header Files</Filter>
    </ClInclude>
    <ClInclude Include="domain\query\certs\CertTypeQuery.h">
      <Filter>Header Files</Filter>
    </ClInclude>
    <ClInclude Include="domain\vo\certs\CertTypeVO.h">
      <Filter>Header Files</Filter>
    </ClInclude>
    <ClInclude Include="controller\certDropDownList\certTypeList\CertTypeListController.h">
      <Filter>Header Files</Filter>
    </ClInclude>
    <ClInclude Include="domain\dto\pullList\PullListDTO.h">
      <Filter>Header Files</Filter>
    </ClInclude>
    <ClInclude Include="domain\dto\pullList\PullListDTO.h">
      <Filter>Header Files</Filter>
    </ClInclude>
    <ClInclude Include="controller\contractType\ContractTypeListController.h">
      <Filter>Header Files</Filter>
    </ClInclude>
    <ClInclude Include="domain\vo\pullList\PullListVO.h">
      <Filter>Header Files</Filter>
    </ClInclude>
    <ClInclude Include="controller\armyLevelType\ArmyLevelTypeController.h">
      <Filter>Header Files</Filter>
    </ClInclude>
  </ItemGroup>
  <ItemGroup>
    <ClCompile Include="stdafx.cpp">
      <Filter>Source Files</Filter>
    </ClCompile>
    <ClCompile Include="main.cpp">
      <Filter>Source Files</Filter>
    </ClCompile>
    <ClCompile Include="controller\Router.cpp">
      <Filter>Source Files</Filter>
    </ClCompile>
    <ClCompile Include="controller\SystemInterceptor.cpp">
      <Filter>Source Files</Filter>
    </ClCompile>
    <ClCompile Include="controller\certDropDownList\profCertsList\ProfCertsListController.cpp">
      <Filter>Source Files</Filter>
    </ClCompile>
    <ClCompile Include="controller\certDropDownList\certTypeList\CertTypeListController.cpp">
      <Filter>Source Files</Filter>
    </ClCompile>
    <ClCompile Include="controller\contractType\ContractTypeListController.cpp">
      <Filter>Source Files</Filter>
    </ClCompile>
    <ClCompile Include="controller\armyLevelType\ArmyLevelTypeController.cpp">
      <Filter>Source Files</Filter>
    </ClCompile>
  </ItemGroup>
</Project>