<?xml version="1.0" encoding="utf-8"?>
<Project ToolsVersion="4.0" xmlns="http://schemas.microsoft.com/developer/msbuild/2003">
  <ItemGroup>
    <Filter Include="源文件">
      <UniqueIdentifier>{4FC737F1-C7A5-4376-A066-2A32D752A2FF}</UniqueIdentifier>
      <Extensions>cpp;c;cc;cxx;c++;cppm;ixx;def;odl;idl;hpj;bat;asm;asmx</Extensions>
    </Filter>
    <Filter Include="头文件">
      <UniqueIdentifier>{93995380-89BD-4b04-88EB-625FBE52EBFB}</UniqueIdentifier>
      <Extensions>h;hh;hpp;hxx;h++;hm;inl;inc;ipp;xsd</Extensions>
    </Filter>
    <Filter Include="资源文件">
      <UniqueIdentifier>{67DA6AB6-F800-4c08-8B7A-83BB121AAD01}</UniqueIdentifier>
      <Extensions>rc;ico;cur;bmp;dlg;rc2;rct;bin;rgs;gif;jpg;jpeg;jpe;resx;tiff;tif;png;wav;mfcribbon-ms</Extensions>
    </Filter>
  </ItemGroup>
  <ItemGroup>
    <ClInclude Include="Macros.h">
      <Filter>头文件</Filter>
    </ClInclude>
    <ClInclude Include="ServerInfo.h">
      <Filter>头文件</Filter>
    </ClInclude>
    <ClInclude Include="stdafx.h">
      <Filter>头文件</Filter>
    </ClInclude>
    <ClInclude Include="controller\OtherComponent.hpp">
      <Filter>头文件</Filter>
    </ClInclude>
    <ClInclude Include="controller\Router.h">
      <Filter>头文件</Filter>
    </ClInclude>
    <ClInclude Include="domain\do\DoInclude.h">
      <Filter>头文件</Filter>
    </ClInclude>
    <ClInclude Include="controller\RosterOfPer\TemporaryStaffController.h">
      <Filter>头文件</Filter>
    </ClInclude>
    <ClInclude Include="domain\dto\RosterOfPer\TemporaryStaffDTO.h">
      <Filter>头文件</Filter>
    </ClInclude>
    <ClInclude Include="domain\query\RosterOfPer\TemporaryStaffQuery.h">
      <Filter>头文件</Filter>
    </ClInclude>
    <ClInclude Include="domain\vo\RosterOfPer\TemporaryStaffVO.h">
      <Filter>头文件</Filter>
    </ClInclude>
    <ClInclude Include="domain\dto\CertificateManage\EmployeeInfoDTO.h">
      <Filter>头文件</Filter>
    </ClInclude>
    <ClInclude Include="domain\query\CertificateManage\EmployeeInfoQuery.h">
      <Filter>头文件</Filter>
    </ClInclude>
    <ClInclude Include="domain\vo\CertificateManage\EmployeeInfoVO.h">
      <Filter>头文件</Filter>
    </ClInclude>
    <ClInclude Include="controller\CertificateManage\EmployeeInfoController.h">
      <Filter>头文件</Filter>
    </ClInclude>
    <ClInclude Include="domain\dto\CertificateManage\CertificateTypeDTO.h">
      <Filter>头文件</Filter>
    </ClInclude>
    <ClInclude Include="domain\query\CertificateManage\CertificateTypeQuery.h">
      <Filter>头文件</Filter>
    </ClInclude>
    <ClInclude Include="domain\vo\CertificateManage\CertificateTypeVO.h">
      <Filter>头文件</Filter>
    </ClInclude>
    <ClInclude Include="controller\CertificateManage\CertificateTypeController.h">
      <Filter>头文件</Filter>
    </ClInclude>
    <ClInclude Include="domain\do\RosterOfPer\TemporaryStaffDO.h">
      <Filter>头文件</Filter>
    </ClInclude>
    <ClInclude Include="domain\do\CertificateManage\EmployeeInfoDO.h">
      <Filter>头文件</Filter>
    </ClInclude>
    <ClInclude Include="domain\do\CertificateManage\CertificateTypeDO.h">
      <Filter>头文件</Filter>
    </ClInclude>
    <ClInclude Include="controller\RosterOfPer\RraineeController.h">
      <Filter>头文件</Filter>
    </ClInclude>
    <ClInclude Include="domain\do\RosterOfPer\RraineeDO.h">
      <Filter>头文件</Filter>
    </ClInclude>
    <ClInclude Include="domain\dto\RosterOfPer\RraineeDTO.h">
      <Filter>头文件</Filter>
    </ClInclude>
    <ClInclude Include="domain\query\RosterOfPer\RraineeQuery.h">
      <Filter>头文件</Filter>
    </ClInclude>
    <ClInclude Include="domain\vo\RosterOfPer\RraineeVO.h">
      <Filter>头文件</Filter>
    </ClInclude>
    <ClInclude Include="controller\CertificateManage\UpdateCertificateController.h">
      <Filter>头文件</Filter>
    </ClInclude>
    <ClInclude Include="controller\RosterOfPer\FormerEmployeesController.h">
      <Filter>头文件</Filter>
    </ClInclude>
    <ClInclude Include="domain\do\CertificateManage\CertificateDO.h">
      <Filter>头文件</Filter>
    </ClInclude>
    <ClInclude Include="domain\do\RosterOfPer\FormerEmployeesDO.h">
      <Filter>头文件</Filter>
    </ClInclude>
    <ClInclude Include="domain\dto\CertificateManage\CertificateInfoDTO.h">
      <Filter>头文件</Filter>
    </ClInclude>
    <ClInclude Include="domain\dto\RosterOfPer\FormerEmployeesDTO.h">
      <Filter>头文件</Filter>
    </ClInclude>
    <ClInclude Include="domain\query\CertificateManage\updateCertificateQuery.h">
      <Filter>头文件</Filter>
    </ClInclude>
    <ClInclude Include="domain\query\RosterOfPer\FormerEmployeesQuery.h">
      <Filter>头文件</Filter>
    </ClInclude>
    <ClInclude Include="domain\vo\CertificateManage\CertificateInfoVO.h">
      <Filter>头文件</Filter>
    </ClInclude>
    <ClInclude Include="domain\vo\RosterOfPer\FormerEmployeesVO.h">
      <Filter>头文件</Filter>
    </ClInclude>
    <ClInclude Include="service\RosterOfPer\FormerEmployeesService.h">
      <Filter>头文件</Filter>
    </ClInclude>
    <ClInclude Include="controller\RosterOfPer\CheckRetiresListController.h">
      <Filter>头文件</Filter>
    </ClInclude>
    <ClInclude Include="controller\RosterOfPer\ExportRetireesController.h">
      <Filter>头文件</Filter>
    </ClInclude>
    <ClInclude Include="controller\CertificateManage\CheckCerListController.h">
      <Filter>头文件</Filter>
    </ClInclude>
    <ClInclude Include="controller\CertificateManage\CreateNewCerController.h">
      <Filter>头文件</Filter>
    </ClInclude>
    <ClInclude Include="domain\do\RosterOfPer\ProbationaryEmployeeDO.h">
      <Filter>头文件</Filter>
    </ClInclude>
    <ClInclude Include="domain\do\RosterOfPer\RetiredEmployeesDO.h">
      <Filter>头文件</Filter>
    </ClInclude>
    <ClInclude Include="domain\do\RosterOfPer\SecondedPersonnelDO.h">
      <Filter>头文件</Filter>
    </ClInclude>
    <ClInclude Include="domain\do\RosterOfPer\RosterPersonDO.h">
      <Filter>头文件</Filter>
    </ClInclude>
    <ClInclude Include="domain\do\RosterOfPer\ExportEmployeeDO.h">
      <Filter>头文件</Filter>
    </ClInclude>
    <ClInclude Include="domain\do\RosterOfPer\CommonRosterOfPerDO.h">
      <Filter>头文件</Filter>
    </ClInclude>
    <ClInclude Include="domain\dto\CertificateManage\CheckCerListDTO.h">
      <Filter>头文件</Filter>
    </ClInclude>
    <ClInclude Include="domain\dto\CertificateManage\CreateNewCerDTO.h">
      <Filter>头文件</Filter>
    </ClInclude>
    <ClInclude Include="domain\dto\RosterOfPer\CheckRetiresListDTO.h">
      <Filter>头文件</Filter>
    </ClInclude>
    <ClInclude Include="domain\dto\RosterOfPer\ExportRetireesDTO.h">
      <Filter>头文件</Filter>
    </ClInclude>
    <ClInclude Include="domain\query\CertificateManage\CheckCerListQuery.h">
      <Filter>头文件</Filter>
    </ClInclude>
    <ClInclude Include="domain\query\CertificateManage\CreateNewCerQuery.h">
      <Filter>头文件</Filter>
    </ClInclude>
    <ClInclude Include="domain\query\RosterOfPer\CheckRetiresListQuery.h">
      <Filter>头文件</Filter>
    </ClInclude>
    <ClInclude Include="domain\query\RosterOfPer\ExportRetireesQuery.h">
      <Filter>头文件</Filter>
    </ClInclude>
    <ClInclude Include="domain\vo\CertificateManage\CheckCerListVO.h">
      <Filter>头文件</Filter>
    </ClInclude>
    <ClInclude Include="domain\vo\CertificateManage\CreateNewCerVO.h">
      <Filter>头文件</Filter>
    </ClInclude>
    <ClInclude Include="domain\vo\RosterOfPer\CheckRetiresListVO.h">
      <Filter>头文件</Filter>
    </ClInclude>
    <ClInclude Include="domain\vo\RosterOfPer\ExportRetireesVO.h">
      <Filter>头文件</Filter>
    </ClInclude>
    <ClInclude Include="dao\RosterOfPer\TemporaryStaffDAO.h">
      <Filter>头文件</Filter>
    </ClInclude>
    <ClInclude Include="dao\RosterOfPer\TemporaryStaffMapper.h">
      <Filter>头文件</Filter>
    </ClInclude>
    <ClInclude Include="domain\GlobalInclude.h">
      <Filter>头文件</Filter>
    </ClInclude>
    <ClInclude Include="service\RosterOfPer\TemporaryStaffService.h">
      <Filter>头文件</Filter>
    </ClInclude>
    <ClInclude Include="domain\do\CertificateManage\CertificateDO.h">
      <Filter>头文件</Filter>
    </ClInclude>
    <ClInclude Include="dao\CertificateManage\CheckCerListDAO.h">
      <Filter>头文件</Filter>
    </ClInclude>
    <ClInclude Include="dao\CertificateManage\CheckCerListMapper.h">
      <Filter>头文件</Filter>
    </ClInclude>
    <ClInclude Include="controller\CertificateManage\CertifDeleteController.h">
      <Filter>头文件</Filter>
    </ClInclude>
    <ClInclude Include="controller\CertificateManage\ExportCertifController.h">
      <Filter>头文件</Filter>
    </ClInclude>
    <ClInclude Include="controller\RosterOfPer\EmployeePageController.h">
      <Filter>头文件</Filter>
    </ClInclude>
    <ClInclude Include="controller\RosterOfPer\ExportEmployeeController.h">
      <Filter>头文件</Filter>
    </ClInclude>
    <ClInclude Include="dao\CertificateManage\ExportCertifDAO.h">
      <Filter>头文件</Filter>
    </ClInclude>
    <ClInclude Include="dao\CertificateManage\ExportCertifMapper.h">
      <Filter>头文件</Filter>
    </ClInclude>
    <ClInclude Include="dao\RosterOfPer\EmployeePageDAO.h">
      <Filter>头文件</Filter>
    </ClInclude>
    <ClInclude Include="dao\RosterOfPer\EmployeePageMapper.h">
      <Filter>头文件</Filter>
    </ClInclude>
    <ClInclude Include="dao\RosterOfPer\ExportEmployeeDAO.h">
      <Filter>头文件</Filter>
    </ClInclude>
    <ClInclude Include="dao\RosterOfPer\ExportEmployeeMapper.h">
      <Filter>头文件</Filter>
    </ClInclude>
    <ClInclude Include="domain\dto\CertificateManage\ExportCertifDTO.h">
      <Filter>头文件</Filter>
    </ClInclude>
    <ClInclude Include="domain\dto\CertificateManage\RemoveCertifDTO.h">
      <Filter>头文件</Filter>
    </ClInclude>
    <ClInclude Include="domain\dto\RosterOfPer\EmployeePageDTO.h">
      <Filter>头文件</Filter>
    </ClInclude>
    <ClInclude Include="domain\dto\RosterOfPer\ExportEmployeeDTO.h">
      <Filter>头文件</Filter>
    </ClInclude>
    <ClInclude Include="domain\query\CertificateManage\ExportCertifQuery.h">
      <Filter>头文件</Filter>
    </ClInclude>
    <ClInclude Include="domain\query\RosterOfPer\EmployeePageQuery.h">
      <Filter>头文件</Filter>
    </ClInclude>
    <ClInclude Include="domain\query\RosterOfPer\ExportEmployeeQuery.h">
      <Filter>头文件</Filter>
    </ClInclude>
    <ClInclude Include="domain\vo\CertificateManage\ExportCertifJsonVO.h">
      <Filter>头文件</Filter>
    </ClInclude>
    <ClInclude Include="domain\vo\RosterOfPer\EmployeePageVO.h">
      <Filter>头文件</Filter>
    </ClInclude>
    <ClInclude Include="domain\vo\RosterOfPer\ExportEmployeeJsonVO.h">
      <Filter>头文件</Filter>
    </ClInclude>
    <ClInclude Include="service\CertificateManage\ExportCertifService.h">
      <Filter>头文件</Filter>
    </ClInclude>
    <ClInclude Include="service\RosterOfPer\EmployeePageService.h">
      <Filter>头文件</Filter>
    </ClInclude>
    <ClInclude Include="service\RosterOfPer\ExportEmployeeService.h">
      <Filter>头文件</Filter>
    </ClInclude>
    <ClInclude Include="dao\CertificateManage\EmployeeInfoDAO.h">
      <Filter>头文件</Filter>
    </ClInclude>
    <ClInclude Include="dao\CertificateManage\EmployeeInfoMapper.h">
      <Filter>头文件</Filter>
    </ClInclude>
    <ClInclude Include="service\CertificateManage\EmployeeInfoService.h">
      <Filter>头文件</Filter>
    </ClInclude>
    <ClInclude Include="controller\RosterOfPer\LoanedPerPageController.h">
      <Filter>头文件</Filter>
    </ClInclude>
    <ClInclude Include="domain\dto\RosterOfPer\LoanedPerPageDTO.h">
      <Filter>头文件</Filter>
    </ClInclude>
    <ClInclude Include="domain\query\RosterOfPer\LoanedPerPageQuery.h">
      <Filter>头文件</Filter>
    </ClInclude>
    <ClInclude Include="domain\vo\RosterOfPer\LoanedPerPageVO.h">
      <Filter>头文件</Filter>
    </ClInclude>
    <ClInclude Include="service\RosterOfPer\LoanedPerPageService.h">
      <Filter>头文件</Filter>
    </ClInclude>
    <ClInclude Include="service\CertificateManage\DeleteCertifService.h">
      <Filter>头文件</Filter>
    </ClInclude>
    <ClInclude Include="dao\CertificateManage\DeleteCertifDAO.h">
      <Filter>头文件</Filter>
    </ClInclude>
    <ClInclude Include="dao\RosterOfPer\LoanedPerDAO.h">
      <Filter>头文件</Filter>
    </ClInclude>
    <ClInclude Include="dao\RosterOfPer\LoanedPerMapper.h">
      <Filter>头文件</Filter>
    </ClInclude>
    <ClInclude Include="dao\CertificateManage\CertificateTypeDAO.h">
      <Filter>头文件</Filter>
    </ClInclude>
    <ClInclude Include="dao\CertificateManage\CertificateTypeMapper.h">
      <Filter>头文件</Filter>
    </ClInclude>
    <ClInclude Include="service\CertificateManage\CertificateTypeService.h">
      <Filter>头文件</Filter>
    </ClInclude>
    <ClInclude Include="controller\RosterOfPer\ProbationaryEmployeeController.h">
      <Filter>头文件</Filter>
    </ClInclude>
    <ClInclude Include="dao\CertificateManage\SpercificCertificateDAO.h">
      <Filter>头文件</Filter>
    </ClInclude>
    <ClInclude Include="dao\CertificateManage\SpercificCertificateMapper.h">
      <Filter>头文件</Filter>
    </ClInclude>
    <ClInclude Include="dao\RosterOfPer\FormerEmployeesDAO.h">
      <Filter>头文件</Filter>
    </ClInclude>
    <ClInclude Include="dao\RosterOfPer\FormerEmployeesMapper.h">
      <Filter>头文件</Filter>
    </ClInclude>
    <ClInclude Include="dao\RosterOfPer\ProbationaryEmployeeDAO.h">
      <Filter>头文件</Filter>
    </ClInclude>
    <ClInclude Include="dao\RosterOfPer\ProbationaryEmployeeMapper.h">
      <Filter>头文件</Filter>
    </ClInclude>
    <ClInclude Include="domain\do\CertificateManage\SpercificCertificateDO.h">
      <Filter>头文件</Filter>
    </ClInclude>
    <ClInclude Include="domain\do\RosterOfPer\Secondment.h">
      <Filter>头文件</Filter>
    </ClInclude>
    <ClInclude Include="domain\dto\CertificateManage\SpercificCertificateDTO.h">
      <Filter>头文件</Filter>
    </ClInclude>
    <ClInclude Include="domain\dto\RosterOfPer\ProbationaryEmployeeDTO.h">
      <Filter>头文件</Filter>
    </ClInclude>
    <ClInclude Include="domain\query\CertificateManage\SpercificCertificateQuery.h">
      <Filter>头文件</Filter>
    </ClInclude>
    <ClInclude Include="domain\query\RosterOfPer\ProbationaryEmployeeQuery.h">
      <Filter>头文件</Filter>
    </ClInclude>
    <ClInclude Include="domain\vo\CertificateManage\SpercificCertificateVO.h">
      <Filter>头文件</Filter>
    </ClInclude>
    <ClInclude Include="domain\vo\RosterOfPer\ProbationaryEmployeeVO.h">
      <Filter>头文件</Filter>
    </ClInclude>
    <ClInclude Include="service\CertificateManage\SpercificCertificateService.h">
      <Filter>头文件</Filter>
    </ClInclude>
    <ClInclude Include="service\RosterOfPer\ProbationaryEmployeeService.h">
      <Filter>头文件</Filter>
    </ClInclude>
    <ClInclude Include="dao\CertificateManage\CreateNewCerDAO.h">
      <Filter>头文件</Filter>
    </ClInclude>
    <ClInclude Include="dao\CertificateManage\CreateNewCerMapper.h">
      <Filter>头文件</Filter>
    </ClInclude>
    <ClInclude Include="dao\RosterOfPer\CheckRetiresListDAO.h">
      <Filter>头文件</Filter>
    </ClInclude>
    <ClInclude Include="dao\RosterOfPer\CheckRetiresListMapper.h">
      <Filter>头文件</Filter>
    </ClInclude>
    <ClInclude Include="service\CertificateManage\CheckCerListService.h">
      <Filter>头文件</Filter>
    </ClInclude>
    <ClInclude Include="service\CertificateManage\CreateNewCerService.h">
      <Filter>头文件</Filter>
    </ClInclude>
    <ClInclude Include="service\RosterOfPer\CheckRetiresListService.h">
      <Filter>头文件</Filter>
    </ClInclude>
    <ClInclude Include="dao\RosterOfPer\RraineeDAO.h">
      <Filter>头文件</Filter>
    </ClInclude>
    <ClInclude Include="dao\RosterOfPer\RraineeMapper.h">
      <Filter>头文件</Filter>
    </ClInclude>
    <ClInclude Include="service\RosterOfPer\RraineeService.h">
      <Filter>头文件</Filter>
    </ClInclude>
  </ItemGroup>
  <ItemGroup>
    <ClCompile Include="main.cpp">
      <Filter>源文件</Filter>
    </ClCompile>
    <ClCompile Include="stdafx.cpp">
      <Filter>源文件</Filter>
    </ClCompile>
    <ClCompile Include="controller\Router.cpp">
      <Filter>源文件</Filter>
    </ClCompile>
    <ClCompile Include="controller\SystemInterceptor.cpp">
      <Filter>源文件</Filter>
    </ClCompile>
    <ClCompile Include="controller\RosterOfPer\TemporaryStaffController.cpp">
      <Filter>源文件</Filter>
    </ClCompile>
    <ClCompile Include="controller\CertificateManage\EmployeeInfoController.cpp">
      <Filter>源文件</Filter>
    </ClCompile>
    <ClCompile Include="controller\CertificateManage\CertificateTypeController.cpp">
      <Filter>源文件</Filter>
    </ClCompile>
    <ClCompile Include="controller\RosterOfPer\RraineeController.cpp">
      <Filter>源文件</Filter>
    </ClCompile>
    <ClCompile Include="controller\CertificateManage\UpdateCertificateController.cpp">
      <Filter>源文件</Filter>
    </ClCompile>
    <ClCompile Include="controller\RosterOfPer\FormerEmployeesController.cpp">
      <Filter>源文件</Filter>
    </ClCompile>
    <ClCompile Include="service\RosterOfPer\FormerEmployeesService.cpp">
      <Filter>源文件</Filter>
    </ClCompile>
    <ClCompile Include="controller\RosterOfPer\CheckRetiresListController.cpp">
      <Filter>源文件</Filter>
    </ClCompile>
    <ClCompile Include="controller\RosterOfPer\ExportRetireesController.cpp">
      <Filter>源文件</Filter>
    </ClCompile>
    <ClCompile Include="controller\CertificateManage\CheckCerListController.cpp">
      <Filter>源文件</Filter>
    </ClCompile>
    <ClCompile Include="controller\CertificateManage\CreateNewCerController.cpp">
      <Filter>源文件</Filter>
    </ClCompile>
    <ClCompile Include="dao\RosterOfPer\TemporaryStaffDAO.cpp">
      <Filter>源文件</Filter>
    </ClCompile>
    <ClCompile Include="service\RosterOfPer\TemporaryStaffService.cpp">
      <Filter>源文件</Filter>
    </ClCompile>
    <ClCompile Include="dao\CertificateManage\CheckCerListDAO.cpp">
      <Filter>源文件</Filter>
    </ClCompile>
    <ClCompile Include="controller\CertificateManage\CertifDeleteController.cpp">
      <Filter>源文件</Filter>
    </ClCompile>
    <ClCompile Include="controller\CertificateManage\ExportCertifController.cpp">
      <Filter>源文件</Filter>
    </ClCompile>
    <ClCompile Include="controller\RosterOfPer\EmployeePageController.cpp">
      <Filter>源文件</Filter>
    </ClCompile>
    <ClCompile Include="controller\RosterOfPer\ExportEmployeeController.cpp">
      <Filter>源文件</Filter>
    </ClCompile>
    <ClCompile Include="dao\CertificateManage\ExportCertifDAO.cpp">
      <Filter>源文件</Filter>
    </ClCompile>
    <ClCompile Include="dao\RosterOfPer\EmployeePageDAO.cpp">
      <Filter>源文件</Filter>
    </ClCompile>
    <ClCompile Include="dao\RosterOfPer\ExportEmployeeDAO.cpp">
      <Filter>源文件</Filter>
    </ClCompile>
    <ClCompile Include="service\RosterOfPer\EmployeePageService.cpp">
      <Filter>源文件</Filter>
    </ClCompile>
    <ClCompile Include="service\RosterOfPer\ExportEmployeeService.cpp">
      <Filter>源文件</Filter>
    </ClCompile>
    <ClCompile Include="dao\CertificateManage\EmployeeInfoDAO.cpp">
      <Filter>源文件</Filter>
    </ClCompile>
    <ClCompile Include="service\CertificateManage\EmployeeInfoService.cpp">
      <Filter>源文件</Filter>
    </ClCompile>
    <ClCompile Include="controller\RosterOfPer\LoanedPerPageController.cpp">
      <Filter>源文件</Filter>
    </ClCompile>
    <ClCompile Include="service\CertificateManage\DeleteCertifService.cpp">
      <Filter>源文件</Filter>
    </ClCompile>
    <ClCompile Include="dao\CertificateManage\DeleteCertifDAO.cpp">
      <Filter>源文件</Filter>
    </ClCompile>
    <ClCompile Include="dao\RosterOfPer\LoanedPerDAO.cpp">
      <Filter>源文件</Filter>
    </ClCompile>
    <ClCompile Include="service\RosterOfPer\LoanedPerPageService.cpp">
      <Filter>源文件</Filter>
    </ClCompile>
    <ClCompile Include="dao\CertificateManage\CertificateTypeDAO.cpp">
      <Filter>源文件</Filter>
    </ClCompile>
    <ClCompile Include="service\CertificateManage\CertificateTypeService.cpp">
      <Filter>源文件</Filter>
    </ClCompile>
    <ClCompile Include="controller\RosterOfPer\ProbationaryEmployeeController.cpp">
      <Filter>源文件</Filter>
    </ClCompile>
    <ClCompile Include="dao\CertificateManage\SpercificCertificateDAO.cpp">
      <Filter>源文件</Filter>
    </ClCompile>
    <ClCompile Include="dao\RosterOfPer\FormerEmployeesDAO.cpp">
      <Filter>源文件</Filter>
    </ClCompile>
    <ClCompile Include="dao\RosterOfPer\ProbationaryEmployeeDAO.cpp">
      <Filter>源文件</Filter>
    </ClCompile>
    <ClCompile Include="service\CertificateManage\SpercificCertificateService.cpp">
      <Filter>源文件</Filter>
    </ClCompile>
    <ClCompile Include="service\RosterOfPer\ProbationaryEmployeeService.cpp">
      <Filter>源文件</Filter>
    </ClCompile>
    <ClCompile Include="dao\CertificateManage\CreateNewCerDAO.cpp">
      <Filter>源文件</Filter>
    </ClCompile>
    <ClCompile Include="dao\RosterOfPer\CheckRetiresListDAO.cpp">
      <Filter>源文件</Filter>
    </ClCompile>
    <ClCompile Include="service\CertificateManage\CheckCerListService.cpp">
      <Filter>源文件</Filter>
    </ClCompile>
    <ClCompile Include="service\CertificateManage\CreateNewCerService.cpp">
      <Filter>源文件</Filter>
    </ClCompile>
    <ClCompile Include="service\RosterOfPer\CheckRetiresListService.cpp">
      <Filter>源文件</Filter>
    </ClCompile>
    <ClCompile Include="dao\RosterOfPer\RraineeDAO.cpp">
      <Filter>源文件</Filter>
    </ClCompile>
    <ClCompile Include="service\RosterOfPer\RraineeService.cpp">
      <Filter>源文件</Filter>
    </ClCompile>
  </ItemGroup>
</Project>