<?xml version="1.0" encoding="utf-8"?>
<Project ToolsVersion="4.0" xmlns="http://schemas.microsoft.com/developer/msbuild/2003">
  <ItemGroup>
    <ClCompile Include="controller\archivesCenter\ArchivesCenterController.cpp" />
    <ClCompile Include="controller\archives\ArchivesController.cpp" />
    <ClCompile Include="controller\NotEmployeeInArchive\NotEmployeeInArchiveController.cpp" />
    <ClCompile Include="controller\paperinfoController\PaperinfoController.cpp" />
    <ClCompile Include="controller\J_paperinfo\J_PaperController.cpp" />
    <ClCompile Include="controller\J_patentinfo\J_PatentinfoController.cpp" />
    <ClCompile Include="controller\Router.cpp" />
    <ClCompile Include="controller\SystemInterceptor.cpp" />
    <ClCompile Include="controller\UpdateArchiveInfo\UpdateArchiveInfoController.cpp" />
    <ClCompile Include="dao\paperinfo\t_pimpaperDAO.cpp" />
    <ClCompile Include="dao\patentinfo\t_pimpatentDAO.cpp" />
    <ClCompile Include="dao\J_paperinfo\J_PaperinfoDAO.cpp" />
    <ClCompile Include="dao\J_patentinfo\J_PatentinfoDAO.cpp" />
    <ClCompile Include="main.cpp" />
    <ClCompile Include="service\paperinfo\PaperinfoService.cpp" />
    <ClCompile Include="service\patentinfo\patentinfoService.cpp" />
    <ClCompile Include="service\J_paperinfo\J_PaperService.cpp" />
    <ClCompile Include="service\J_patentinfo\J_PatentService.cpp" />
    <ClCompile Include="stdafx.cpp" />
    <ClCompile Include="controller\patentinfo\PatentinfoController.cpp" />
    <ClCompile Include="dao\archives\ArchivesDAO.cpp" />
    <ClCompile Include="service\archives\ArchivesService.cpp" />
  </ItemGroup>
  <ItemGroup>
    <ClInclude Include="controller\archivesCenter\ArchivesCenterController.h" />
    <ClInclude Include="controller\archives\ArchivesController.h" />
    <ClInclude Include="controller\NotEmployeeInArchive\NotEmployeeInArchiveController.h" />
    <ClInclude Include="controller\OtherComponent.hpp" />
    <ClInclude Include="controller\paperinfoController\PaperinfoController.h" />
    <ClInclude Include="controller\J_paperinfo\J_PaperController.h" />
    <ClInclude Include="controller\J_patentinfo\J_PatentinfoController.h" />
    <ClInclude Include="controller\Router.h" />
    <ClInclude Include="controller\UpdateArchiveInfo\UpdateArchiveInfoController.h" />
    <ClInclude Include="dao\paperinfo\t_pimpaperDAO.h" />
    <ClInclude Include="dao\paperinfo\t_pimpaperMapper.h" />
    <ClInclude Include="dao\patentinfo\t_pimpatentDAO.h" />
    <ClInclude Include="dao\patentinfo\t_pimpatentMapper.h" />
    <ClInclude Include="dao\J_paperinfo\J_PaperinfoDAO.h" />
    <ClInclude Include="dao\J_paperinfo\J_PaperinfoMapper.h" />
    <ClInclude Include="dao\J_patentinfo\J_PatentinfoDAO.h" />
    <ClInclude Include="dao\J_patentinfo\J_PatentinfoMapper.h" />
    <ClInclude Include="domain\do\archives\t_pimarchivesDO.h" />
    <ClInclude Include="domain\do\DoInclude.h" />
    <ClInclude Include="domain\do\NotEmployeeInArchive\NotEmployeeInArchiveDO.h" />
    <ClInclude Include="domain\do\paperinfo\t_pimpaperDO.h" />
    <ClInclude Include="domain\do\patentinfo\t_pimpatentDO.h" />
    <ClInclude Include="domain\do\J_paperinfo\J_paperinfoDO.h" />
    <ClInclude Include="domain\do\J_patentinfo\J_t_pimpatentDO.h" />
    <ClInclude Include="domain\do\UpdateArchiveInfo\UpdateArchiveInfoDO.h" />
    <ClInclude Include="domain\dto\archivesCenter\ArchivesCenterDTO.h" />
    <ClInclude Include="domain\dto\archives\ArchivesDTO.h" />
    <ClInclude Include="domain\dto\Blacklist\BlacklistDTO.h" />
    <ClInclude Include="domain\dto\NotEmployeeInArchive\NotEmployeeInArchiveDTO.h" />
    <ClInclude Include="domain\dto\paperinfo\PaperDTO.h" />
    <ClInclude Include="domain\dto\patentinfo\AddPatentDTO.h" />
    <ClInclude Include="domain\dto\patentinfo\DelPatentDTO.h" />
    <ClInclude Include="domain\dto\patentinfo\PatentinfoDTO.h" />
    <ClInclude Include="domain\dto\J_paperinfo\J_PaperinfoDTO.h" />
    <ClInclude Include="domain\dto\J_patentinfo\J_PatentinfoDTO.h" />
    <ClInclude Include="domain\dto\UpdateArchiveInfo\UpdateArchiveInfoDTO.h" />
    <ClInclude Include="domain\GlobalInclude.h" />
    <ClInclude Include="domain\query\archivesCenter\ArchivesCenterQuery.h" />
    <ClInclude Include="domain\query\archives\ArchivesQuery.h" />
    <ClInclude Include="domain\query\Blacklist\BlacklistQuery.h" />
    <ClInclude Include="domain\query\NotEmployeeInArchive\NotEmployeeInArchiveQuery.h" />
    <ClInclude Include="domain\query\paperinfo\PaperQuery.h" />
    <ClInclude Include="domain\query\patentinfo\PatentinfoQuery.h" />
    <ClInclude Include="domain\vo\archivesCenter\ArchivesCenterVO.h" />
    <ClInclude Include="domain\vo\archives\ArchivesVO.h" />
    <ClInclude Include="domain\vo\BlacklistEmployee\BlacklistEmployeeVO.h" />
    <ClInclude Include="domain\vo\Blacklist\BlacklistVO.h" />
    <ClInclude Include="domain\vo\NotEmployeeInArchive\NotEmployeeInArchiveVO.h" />
    <ClInclude Include="domain\vo\J_paperinfo\J_PaperVO.h" />
    <ClInclude Include="domain\vo\J_patentinfo\J_PatentinfoVO.h" />
    <ClInclude Include="domain\vo\UpdateArchiveInfo\UpdateArchiveInfoVO.h" />
    <ClInclude Include="Macros.h" />
    <ClInclude Include="ServerInfo.h" />
    <ClInclude Include="service\paperinfo\PaperinfoService.h" />
    <ClInclude Include="service\patentinfo\patentinfoService.h" />
    <ClInclude Include="service\J_paperinfo\J_PaperService.h" />
    <ClInclude Include="service\J_patentinfo\J_PatentService.h" />
    <ClInclude Include="stdafx.h" />
    <ClInclude Include="domain\vo\paptentinfo\PatentinfoVO.h" />
    <ClInclude Include="controller\patentinfo\PatentinfoController.h" />
    <ClInclude Include="dao\archives\ArchivesDAO.h" />
    <ClInclude Include="dao\archives\ArchivesMapper.h" />
    <ClInclude Include="domain\do\archives\t_pimarchivesDelDO.h" />
    <ClInclude Include="domain\dto\archives\ArchivesDelDto.h" />
    <ClInclude Include="domain\vo\archives\ArchivesDelVO.h" />
    <ClInclude Include="service\archives\ArchivesService.h" />
    <ClInclude Include="domain\vo\paperinfo\PaperVO.h" />
  </ItemGroup>
</Project>