<?xml version="1.0" encoding="utf-8"?>
<Project ToolsVersion="4.0" xmlns="http://schemas.microsoft.com/developer/msbuild/2003">
  <ItemGroup>
    <ClCompile Include="controller\LDConstroller\LaborDispatchConstroller.cpp" />
    <ClCompile Include="controller\Router.cpp" />
    <ClCompile Include="controller\SelectController\MyController.cpp" />
    <ClCompile Include="controller\SystemInterceptor.cpp" />
    <ClCompile Include="main.cpp" />
    <ClCompile Include="stdafx.cpp" />
  </ItemGroup>
  <ItemGroup>
<<<<<<< HEAD
    <ClInclude Include="controller\LDConstroller\LaborDispatchConstroller.h" />
    <ClInclude Include="controller\OtherComponent.hpp" />
    <ClInclude Include="controller\Router.h" />
    <ClInclude Include="controller\SelectController\MyController.h" />
    <ClInclude Include="domain\do\DoInclude.h" />
    <ClInclude Include="domain\dto\LaborDispatchDTO.h" />
    <ClInclude Include="domain\dto\sample\MyDto.h" />
    <ClInclude Include="domain\GlobalInclude.h" />
    <ClInclude Include="domain\query\LaborDispatchQuery.h" />
    <ClInclude Include="domain\vo\LaborDispatchVO.h" />
    <ClInclude Include="Macros.h" />
    <ClInclude Include="ServerInfo.h" />
    <ClInclude Include="stdafx.h" />
=======
    <ClCompile Include="stdafx.cpp">
      <Filter>源文件</Filter>
    </ClCompile>
    <ClCompile Include="controller\Router.cpp">
      <Filter>源文件</Filter>
    </ClCompile>
    <ClCompile Include="controller\SystemInterceptor.cpp">
      <Filter>源文件</Filter>
    </ClCompile>
    <ClCompile Include="main.cpp">
      <Filter>源文件</Filter>
    </ClCompile>
    <ClCompile Include="controller\Muggle\labor_dispatch-Muggle.cpp">
      <Filter>源文件</Filter>
    </ClCompile>
    <ClCompile Include="controller\Muggle\expense_ledger-Muggle.cpp">
    <ClCompile Include="controller\LDConstroller\LaborDispatchConstroller.cpp">
	<ClCompile Include="controller\SelectController\MyController.cpp">
      <Filter>源文件</Filter>
    </ClCompile>
  </ItemGroup>
  <ItemGroup>
    <ClInclude Include="stdafx.h">
      <Filter>头文件</Filter>
    </ClInclude>
    <ClInclude Include="domain\GlobalInclude.h">
      <Filter>头文件</Filter>
    </ClInclude>
    <ClInclude Include="Macros.h">
      <Filter>头文件</Filter>
    </ClInclude>
    <ClInclude Include="ServerInfo.h">
      <Filter>头文件</Filter>
    </ClInclude>
    <ClInclude Include="domain\do\DoInclude.h">
      <Filter>头文件</Filter>
    </ClInclude>
    <ClInclude Include="controller\Router.h">
      <Filter>头文件</Filter>
    </ClInclude>
    <ClInclude Include="controller\OtherComponent.hpp">
      <Filter>头文件</Filter>
    </ClInclude>
    <ClInclude Include="controller\Muggle\labor_dispatch-Muggle.h">
      <Filter>头文件</Filter>
    </ClInclude>
    <ClInclude Include="domain\query\Muggle\laborDispatchQuery.h">
      <Filter>头文件</Filter>
    </ClInclude>
    <ClInclude Include="domain\dto\Muggle\laborDispatchDTO.h">
      <Filter>头文件</Filter>
    </ClInclude>
    <ClInclude Include="domain\vo\Muggle\laborDispatchJsonVO.h">
      <Filter>头文件</Filter>
    </ClInclude>
    <ClInclude Include="domain\dto\Muggle\expenseLedgerDTO.h">
      <Filter>头文件</Filter>
    </ClInclude>
    <ClInclude Include="controller\Muggle\expense_ledger-Muggle.h">
      <Filter>头文件</Filter>
    </ClInclude>
    <ClInclude Include="domain\query\Muggle\expenseLedgerQuery.h">
      <Filter>头文件</Filter>
    </ClInclude>
  </ItemGroup>
  <ItemGroup>
    <None Include="conf\data-source.yaml" />
    <None Include="zh-dict.yaml" />
 	<ClInclude Include="controller\SelectController\MyController.h">
    <ClInclude Include="controller\LDConstroller\LaborDispatchConstroller.h">
      <Filter>头文件</Filter>
    </ClInclude>
	<ClInclude Include="domain\dto\sample\MyDto.h">
   <ClInclude Include="domain\dto\sample\MyDto.h">
    <ClInclude Include="domain\vo\LaborDispatchVO.h">
      <Filter>头文件</Filter>
    </ClInclude>
    <ClInclude Include="domain\dto\LaborDispatchDTO.h">
      <Filter>头文件</Filter>
    </ClInclude>
    <ClInclude Include="domain\query\LaborDispatchQuery.h">
      <Filter>头文件</Filter>
    </ClInclude>
>>>>>>> 58b4deff7ce4c8812c667f1a201be0a99bcb08ba
  </ItemGroup>
</Project>