<?xml version="1.0" encoding="utf-8"?>
<Project ToolsVersion="4.0" xmlns="http://schemas.microsoft.com/developer/msbuild/2003">
  <ItemGroup>
    <ClCompile Include="controller\Muggle\expense_ledger-Muggle.cpp" />
    <ClCompile Include="controller\Muggle\labor_dispatch-Muggle.cpp" />
    <ClCompile Include="controller\LDConstroller\LaborDispatchConstroller.cpp" />
    <ClCompile Include="controller\Router.cpp" />
    <ClCompile Include="controller\SelectController\MyController.cpp" />
    <ClCompile Include="controller\SystemInterceptor.cpp" />
    <ClCompile Include="domain\do\JobTitle\JobTitleDo.h" />
    <ClCompile Include="domain\dto\JobTitle\JobTitleDTO.h" />
    <ClCompile Include="domain\vo\JobTitle\JobTitleJsonVO.h" />
    <ClCompile Include="main.cpp" />
    <ClCompile Include="stdafx.cpp" />
    <ClCompile Include="controller\JobTitle\JobTitleController.cpp" />
  </ItemGroup>
  <ItemGroup>
    <ClInclude Include="controller\Muggle\expense_ledger-Muggle.h" />
    <ClInclude Include="controller\Muggle\labor_dispatch-Muggle.h" />
    <ClInclude Include="controller\LDConstroller\LaborDispatchConstroller.h" />
    <ClInclude Include="controller\OtherComponent.hpp" />
    <ClInclude Include="controller\Router.h" />
    <ClInclude Include="controller\SelectController\MyController.h" />
    <ClInclude Include="domain\do\DoInclude.h" />
    <ClInclude Include="domain\dto\LaborDispatchDTO.h" />
    <ClInclude Include="domain\dto\Muggle\expenseLedgerDTO.h" />
    <ClInclude Include="domain\dto\Muggle\laborDispatchDTO.h" />
    <ClInclude Include="domain\GlobalInclude.h" />
    <ClInclude Include="domain\query\Muggle\expenseLedgerQuery.h" />
    <ClInclude Include="domain\query\Muggle\laborDispatchQuery.h" />
    <ClInclude Include="domain\vo\Muggle\laborDispatchJsonVO.h" />
    <ClInclude Include="domain\dto\sample\MyDto.h" />
    <ClInclude Include="domain\query\LaborDispatchQuery.h" />
    <ClInclude Include="domain\vo\LaborDispatchVO.h" />
    <ClInclude Include="Macros.h" />
    <ClInclude Include="ServerInfo.h" />
    <ClInclude Include="stdafx.h" />
    <ClInclude Include="controller\JobTitle\JobTitleController.h" />
  </ItemGroup>
  <ItemGroup>
    <None Include="zh-dict.yaml" />
  </ItemGroup>
</Project>