
Microsoft Visual Studio Solution File, Format Version 12.00
# Visual Studio Version 16
VisualStudioVersion = 16.0.33529.622
MinimumVisualStudioVersion = 10.0.40219.1
Project("{8BC9CEB8-8B4A-11D0-8D11-00A0C91BC942}") = "lib-mysql", "lib-mysql\lib-mysql.vcxproj", "{8293B741-B019-444F-80BC-70321A47868E}"
EndProject
Project("{8BC9CEB8-8B4A-11D0-8D11-00A0C91BC942}") = "lib-common", "lib-common\lib-common.vcxproj", "{213F58AD-9943-4155-8A45-1B2DAB0BB8F9}"
EndProject
Project("{8BC9CEB8-8B4A-11D0-8D11-00A0C91BC942}") = "arch-demo", "arch-demo\arch-demo.vcxproj", "{14C5B354-692F-4DD3-901C-35756CF336B8}"
EndProject
Project("{8BC9CEB8-8B4A-11D0-8D11-00A0C91BC942}") = "lib-oatpp", "lib-oatpp\lib-oatpp.vcxproj", "{3FC26F19-D665-40BD-92F1-FC4BE22A38BA}"
EndProject
Project("{8BC9CEB8-8B4A-11D0-8D11-00A0C91BC942}") = "hr-c1-common", "hr-c1-common\hr-c1-common.vcxproj", "{FBFE450A-B25F-497B-AA54-60CB751B722A}"
	ProjectSection(ProjectDependencies) = postProject
		{213F58AD-9943-4155-8A45-1B2DAB0BB8F9} = {213F58AD-9943-4155-8A45-1B2DAB0BB8F9}
		{3FC26F19-D665-40BD-92F1-FC4BE22A38BA} = {3FC26F19-D665-40BD-92F1-FC4BE22A38BA}
		{8293B741-B019-444F-80BC-70321A47868E} = {8293B741-B019-444F-80BC-70321A47868E}
	EndProjectSection
EndProject
Project("{8BC9CEB8-8B4A-11D0-8D11-00A0C91BC942}") = "hr-c1-orgmanage", "hr-c1-orgmanage\hr-c1-orgmanage.vcxproj", "{43A1A97D-9281-40E0-A570-A4DEC28D5A41}"
	ProjectSection(ProjectDependencies) = postProject
		{213F58AD-9943-4155-8A45-1B2DAB0BB8F9} = {213F58AD-9943-4155-8A45-1B2DAB0BB8F9}
		{3FC26F19-D665-40BD-92F1-FC4BE22A38BA} = {3FC26F19-D665-40BD-92F1-FC4BE22A38BA}
		{8293B741-B019-444F-80BC-70321A47868E} = {8293B741-B019-444F-80BC-70321A47868E}
	EndProjectSection
EndProject
Project("{8BC9CEB8-8B4A-11D0-8D11-00A0C91BC942}") = "hr-c2-basmanager", "hr-c2-basmanager\hr-c2-basmanager.vcxproj", "{E9D549D1-9B61-42C8-9623-09FCE661DF40}"
EndProject
Project("{8BC9CEB8-8B4A-11D0-8D11-00A0C91BC942}") = "hr-c2-orgmanager", "hr-c2-orgmanager\hr-c2-orgmanager.vcxproj", "{B779BE94-21B0-475F-91A7-98180E496229}"
EndProject
Project("{8BC9CEB8-8B4A-11D0-8D11-00A0C91BC942}") = "hr-c3-assignmentinfo", "hr-c3-assignmentinfo\hr-c3-assignmentinfo.vcxproj", "{F0882661-A536-450F-ADF1-F89F0DB74FA6}"
EndProject
Project("{8BC9CEB8-8B4A-11D0-8D11-00A0C91BC942}") = "hr-c3-educationinfo", "hr-c3-educationinfo\hr-c3-educationinfo.vcxproj", "{1E2E206E-DA7A-46E4-B6F4-4A0E0B32B3B9}"
EndProject
Project("{8BC9CEB8-8B4A-11D0-8D11-00A0C91BC942}") = "hr-c3-employeeinfo", "hr-c3-employeeinfo\hr-c3-employeeinfo.vcxproj", "{5B1803CB-85EC-4234-8E0A-9163F3B109F5}"
EndProject
Project("{8BC9CEB8-8B4A-11D0-8D11-00A0C91BC942}") = "hr-c3-familysituation", "hr-c3-familysituation\hr-c3-familysituation.vcxproj", "{FFD774B0-D4DE-4D96-9ED5-334D6A0B9180}"
EndProject
Project("{8BC9CEB8-8B4A-11D0-8D11-00A0C91BC942}") = "hr-c3-languagecompetence", "hr-c3-languagecompetence\hr-c3-languagecompetence.vcxproj", "{D84B6123-4DA9-4DE5-9456-4B69FC263A1B}"
EndProject
Project("{8BC9CEB8-8B4A-11D0-8D11-00A0C91BC942}") = "hr-c4-basemgeminfo", "hr-c4-basemgeminfo\hr-c4-basemgeminfo.vcxproj", "{A107FB7D-458C-4207-82C6-39C5B772E5B7}"
EndProject
Project("{8BC9CEB8-8B4A-11D0-8D11-00A0C91BC942}") = "hr-c6-basemanage", "hr-c6-basemanage\hr-c6-basemanage.vcxproj", "{42DD258B-5BBE-4FB0-B3B1-D902F3C1FEBA}"
EndProject
Project("{8BC9CEB8-8B4A-11D0-8D11-00A0C91BC942}") = "hr-c7-datasetting", "hr-c7-datasetting\hr-c7-datasetting.vcxproj", "{BBD54760-15B4-404F-8FF0-A3D9A0052B76}"
EndProject
Project("{8BC9CEB8-8B4A-11D0-8D11-00A0C91BC942}") = "hr-c5-employeeInfo", "hr-c5-employeeInfo\hr-c5-employeeInfo.vcxproj", "{45F81F4E-0D1B-4671-880E-C89B9FACB1E5}"
EndProject
Global
	GlobalSection(SolutionConfigurationPlatforms) = preSolution
		Debug|x64 = Debug|x64
		Debug|x86 = Debug|x86
		Release|x64 = Release|x64
		Release|x86 = Release|x86
	EndGlobalSection
	GlobalSection(ProjectConfigurationPlatforms) = postSolution
		{8293B741-B019-444F-80BC-70321A47868E}.Debug|x64.ActiveCfg = Debug|x64
		{8293B741-B019-444F-80BC-70321A47868E}.Debug|x64.Build.0 = Debug|x64
		{8293B741-B019-444F-80BC-70321A47868E}.Debug|x86.ActiveCfg = Debug|Win32
		{8293B741-B019-444F-80BC-70321A47868E}.Debug|x86.Build.0 = Debug|Win32
		{8293B741-B019-444F-80BC-70321A47868E}.Release|x64.ActiveCfg = Release|x64
		{8293B741-B019-444F-80BC-70321A47868E}.Release|x64.Build.0 = Release|x64
		{8293B741-B019-444F-80BC-70321A47868E}.Release|x86.ActiveCfg = Release|Win32
		{8293B741-B019-444F-80BC-70321A47868E}.Release|x86.Build.0 = Release|Win32
		{213F58AD-9943-4155-8A45-1B2DAB0BB8F9}.Debug|x64.ActiveCfg = Debug|x64
		{213F58AD-9943-4155-8A45-1B2DAB0BB8F9}.Debug|x64.Build.0 = Debug|x64
		{213F58AD-9943-4155-8A45-1B2DAB0BB8F9}.Debug|x86.ActiveCfg = Debug|Win32
		{213F58AD-9943-4155-8A45-1B2DAB0BB8F9}.Debug|x86.Build.0 = Debug|Win32
		{213F58AD-9943-4155-8A45-1B2DAB0BB8F9}.Release|x64.ActiveCfg = Release|x64
		{213F58AD-9943-4155-8A45-1B2DAB0BB8F9}.Release|x64.Build.0 = Release|x64
		{213F58AD-9943-4155-8A45-1B2DAB0BB8F9}.Release|x86.ActiveCfg = Release|Win32
		{213F58AD-9943-4155-8A45-1B2DAB0BB8F9}.Release|x86.Build.0 = Release|Win32
		{14C5B354-692F-4DD3-901C-35756CF336B8}.Debug|x64.ActiveCfg = Debug|x64
		{14C5B354-692F-4DD3-901C-35756CF336B8}.Debug|x64.Build.0 = Debug|x64
		{14C5B354-692F-4DD3-901C-35756CF336B8}.Debug|x86.ActiveCfg = Debug|Win32
		{14C5B354-692F-4DD3-901C-35756CF336B8}.Debug|x86.Build.0 = Debug|Win32
		{14C5B354-692F-4DD3-901C-35756CF336B8}.Release|x64.ActiveCfg = Release|x64
		{14C5B354-692F-4DD3-901C-35756CF336B8}.Release|x64.Build.0 = Release|x64
		{14C5B354-692F-4DD3-901C-35756CF336B8}.Release|x86.ActiveCfg = Release|Win32
		{14C5B354-692F-4DD3-901C-35756CF336B8}.Release|x86.Build.0 = Release|Win32
		{3FC26F19-D665-40BD-92F1-FC4BE22A38BA}.Debug|x64.ActiveCfg = Debug|x64
		{3FC26F19-D665-40BD-92F1-FC4BE22A38BA}.Debug|x64.Build.0 = Debug|x64
		{3FC26F19-D665-40BD-92F1-FC4BE22A38BA}.Debug|x86.ActiveCfg = Debug|Win32
		{3FC26F19-D665-40BD-92F1-FC4BE22A38BA}.Debug|x86.Build.0 = Debug|Win32
		{3FC26F19-D665-40BD-92F1-FC4BE22A38BA}.Release|x64.ActiveCfg = Release|x64
		{3FC26F19-D665-40BD-92F1-FC4BE22A38BA}.Release|x64.Build.0 = Release|x64
		{3FC26F19-D665-40BD-92F1-FC4BE22A38BA}.Release|x86.ActiveCfg = Release|Win32
		{3FC26F19-D665-40BD-92F1-FC4BE22A38BA}.Release|x86.Build.0 = Release|Win32
		{FBFE450A-B25F-497B-AA54-60CB751B722A}.Debug|x64.ActiveCfg = Debug|x64
		{FBFE450A-B25F-497B-AA54-60CB751B722A}.Debug|x64.Build.0 = Debug|x64
		{FBFE450A-B25F-497B-AA54-60CB751B722A}.Debug|x86.ActiveCfg = Debug|Win32
		{FBFE450A-B25F-497B-AA54-60CB751B722A}.Debug|x86.Build.0 = Debug|Win32
		{FBFE450A-B25F-497B-AA54-60CB751B722A}.Release|x64.ActiveCfg = Release|x64
		{FBFE450A-B25F-497B-AA54-60CB751B722A}.Release|x64.Build.0 = Release|x64
		{FBFE450A-B25F-497B-AA54-60CB751B722A}.Release|x86.ActiveCfg = Release|Win32
		{FBFE450A-B25F-497B-AA54-60CB751B722A}.Release|x86.Build.0 = Release|Win32
		{43A1A97D-9281-40E0-A570-A4DEC28D5A41}.Debug|x64.ActiveCfg = Debug|x64
		{43A1A97D-9281-40E0-A570-A4DEC28D5A41}.Debug|x64.Build.0 = Debug|x64
		{43A1A97D-9281-40E0-A570-A4DEC28D5A41}.Debug|x86.ActiveCfg = Debug|Win32
		{43A1A97D-9281-40E0-A570-A4DEC28D5A41}.Debug|x86.Build.0 = Debug|Win32
		{43A1A97D-9281-40E0-A570-A4DEC28D5A41}.Release|x64.ActiveCfg = Release|x64
		{43A1A97D-9281-40E0-A570-A4DEC28D5A41}.Release|x64.Build.0 = Release|x64
		{43A1A97D-9281-40E0-A570-A4DEC28D5A41}.Release|x86.ActiveCfg = Release|Win32
		{43A1A97D-9281-40E0-A570-A4DEC28D5A41}.Release|x86.Build.0 = Release|Win32
		{E9D549D1-9B61-42C8-9623-09FCE661DF40}.Debug|x64.ActiveCfg = Debug|x64
		{E9D549D1-9B61-42C8-9623-09FCE661DF40}.Debug|x64.Build.0 = Debug|x64
		{E9D549D1-9B61-42C8-9623-09FCE661DF40}.Debug|x86.ActiveCfg = Debug|Win32
		{E9D549D1-9B61-42C8-9623-09FCE661DF40}.Debug|x86.Build.0 = Debug|Win32
		{E9D549D1-9B61-42C8-9623-09FCE661DF40}.Release|x64.ActiveCfg = Release|x64
		{E9D549D1-9B61-42C8-9623-09FCE661DF40}.Release|x64.Build.0 = Release|x64
		{E9D549D1-9B61-42C8-9623-09FCE661DF40}.Release|x86.ActiveCfg = Release|Win32
		{E9D549D1-9B61-42C8-9623-09FCE661DF40}.Release|x86.Build.0 = Release|Win32
		{B779BE94-21B0-475F-91A7-98180E496229}.Debug|x64.ActiveCfg = Debug|x64
		{B779BE94-21B0-475F-91A7-98180E496229}.Debug|x64.Build.0 = Debug|x64
		{B779BE94-21B0-475F-91A7-98180E496229}.Debug|x86.ActiveCfg = Debug|Win32
		{B779BE94-21B0-475F-91A7-98180E496229}.Debug|x86.Build.0 = Debug|Win32
		{B779BE94-21B0-475F-91A7-98180E496229}.Release|x64.ActiveCfg = Release|x64
		{B779BE94-21B0-475F-91A7-98180E496229}.Release|x64.Build.0 = Release|x64
		{B779BE94-21B0-475F-91A7-98180E496229}.Release|x86.ActiveCfg = Release|Win32
		{B779BE94-21B0-475F-91A7-98180E496229}.Release|x86.Build.0 = Release|Win32
		{F0882661-A536-450F-ADF1-F89F0DB74FA6}.Debug|x64.ActiveCfg = Debug|x64
		{F0882661-A536-450F-ADF1-F89F0DB74FA6}.Debug|x64.Build.0 = Debug|x64
		{F0882661-A536-450F-ADF1-F89F0DB74FA6}.Debug|x86.ActiveCfg = Debug|Win32
		{F0882661-A536-450F-ADF1-F89F0DB74FA6}.Debug|x86.Build.0 = Debug|Win32
		{F0882661-A536-450F-ADF1-F89F0DB74FA6}.Release|x64.ActiveCfg = Release|x64
		{F0882661-A536-450F-ADF1-F89F0DB74FA6}.Release|x64.Build.0 = Release|x64
		{F0882661-A536-450F-ADF1-F89F0DB74FA6}.Release|x86.ActiveCfg = Release|Win32
		{F0882661-A536-450F-ADF1-F89F0DB74FA6}.Release|x86.Build.0 = Release|Win32
		{1E2E206E-DA7A-46E4-B6F4-4A0E0B32B3B9}.Debug|x64.ActiveCfg = Debug|x64
		{1E2E206E-DA7A-46E4-B6F4-4A0E0B32B3B9}.Debug|x64.Build.0 = Debug|x64
		{1E2E206E-DA7A-46E4-B6F4-4A0E0B32B3B9}.Debug|x86.ActiveCfg = Debug|Win32
		{1E2E206E-DA7A-46E4-B6F4-4A0E0B32B3B9}.Debug|x86.Build.0 = Debug|Win32
		{1E2E206E-DA7A-46E4-B6F4-4A0E0B32B3B9}.Release|x64.ActiveCfg = Release|x64
		{1E2E206E-DA7A-46E4-B6F4-4A0E0B32B3B9}.Release|x64.Build.0 = Release|x64
		{1E2E206E-DA7A-46E4-B6F4-4A0E0B32B3B9}.Release|x86.ActiveCfg = Release|Win32
		{1E2E206E-DA7A-46E4-B6F4-4A0E0B32B3B9}.Release|x86.Build.0 = Release|Win32
		{5B1803CB-85EC-4234-8E0A-9163F3B109F5}.Debug|x64.ActiveCfg = Debug|x64
		{5B1803CB-85EC-4234-8E0A-9163F3B109F5}.Debug|x64.Build.0 = Debug|x64
		{5B1803CB-85EC-4234-8E0A-9163F3B109F5}.Debug|x86.ActiveCfg = Debug|Win32
		{5B1803CB-85EC-4234-8E0A-9163F3B109F5}.Debug|x86.Build.0 = Debug|Win32
		{5B1803CB-85EC-4234-8E0A-9163F3B109F5}.Release|x64.ActiveCfg = Release|x64
		{5B1803CB-85EC-4234-8E0A-9163F3B109F5}.Release|x64.Build.0 = Release|x64
		{5B1803CB-85EC-4234-8E0A-9163F3B109F5}.Release|x86.ActiveCfg = Release|Win32
		{5B1803CB-85EC-4234-8E0A-9163F3B109F5}.Release|x86.Build.0 = Release|Win32
		{FFD774B0-D4DE-4D96-9ED5-334D6A0B9180}.Debug|x64.ActiveCfg = Debug|x64
		{FFD774B0-D4DE-4D96-9ED5-334D6A0B9180}.Debug|x64.Build.0 = Debug|x64
		{FFD774B0-D4DE-4D96-9ED5-334D6A0B9180}.Debug|x86.ActiveCfg = Debug|Win32
		{FFD774B0-D4DE-4D96-9ED5-334D6A0B9180}.Debug|x86.Build.0 = Debug|Win32
		{FFD774B0-D4DE-4D96-9ED5-334D6A0B9180}.Release|x64.ActiveCfg = Release|x64
		{FFD774B0-D4DE-4D96-9ED5-334D6A0B9180}.Release|x64.Build.0 = Release|x64
		{FFD774B0-D4DE-4D96-9ED5-334D6A0B9180}.Release|x86.ActiveCfg = Release|Win32
		{FFD774B0-D4DE-4D96-9ED5-334D6A0B9180}.Release|x86.Build.0 = Release|Win32
		{D84B6123-4DA9-4DE5-9456-4B69FC263A1B}.Debug|x64.ActiveCfg = Debug|x64
		{D84B6123-4DA9-4DE5-9456-4B69FC263A1B}.Debug|x64.Build.0 = Debug|x64
		{D84B6123-4DA9-4DE5-9456-4B69FC263A1B}.Debug|x86.ActiveCfg = Debug|Win32
		{D84B6123-4DA9-4DE5-9456-4B69FC263A1B}.Debug|x86.Build.0 = Debug|Win32
		{D84B6123-4DA9-4DE5-9456-4B69FC263A1B}.Release|x64.ActiveCfg = Release|x64
		{D84B6123-4DA9-4DE5-9456-4B69FC263A1B}.Release|x64.Build.0 = Release|x64
		{D84B6123-4DA9-4DE5-9456-4B69FC263A1B}.Release|x86.ActiveCfg = Release|Win32
		{D84B6123-4DA9-4DE5-9456-4B69FC263A1B}.Release|x86.Build.0 = Release|Win32
		{A107FB7D-458C-4207-82C6-39C5B772E5B7}.Debug|x64.ActiveCfg = Debug|x64
		{A107FB7D-458C-4207-82C6-39C5B772E5B7}.Debug|x64.Build.0 = Debug|x64
		{A107FB7D-458C-4207-82C6-39C5B772E5B7}.Debug|x86.ActiveCfg = Debug|Win32
		{A107FB7D-458C-4207-82C6-39C5B772E5B7}.Debug|x86.Build.0 = Debug|Win32
		{A107FB7D-458C-4207-82C6-39C5B772E5B7}.Release|x64.ActiveCfg = Release|x64
		{A107FB7D-458C-4207-82C6-39C5B772E5B7}.Release|x64.Build.0 = Release|x64
		{A107FB7D-458C-4207-82C6-39C5B772E5B7}.Release|x86.ActiveCfg = Release|Win32
		{A107FB7D-458C-4207-82C6-39C5B772E5B7}.Release|x86.Build.0 = Release|Win32
		{42DD258B-5BBE-4FB0-B3B1-D902F3C1FEBA}.Debug|x64.ActiveCfg = Debug|x64
		{42DD258B-5BBE-4FB0-B3B1-D902F3C1FEBA}.Debug|x64.Build.0 = Debug|x64
		{42DD258B-5BBE-4FB0-B3B1-D902F3C1FEBA}.Debug|x86.ActiveCfg = Debug|Win32
		{42DD258B-5BBE-4FB0-B3B1-D902F3C1FEBA}.Debug|x86.Build.0 = Debug|Win32
		{42DD258B-5BBE-4FB0-B3B1-D902F3C1FEBA}.Release|x64.ActiveCfg = Release|x64
		{42DD258B-5BBE-4FB0-B3B1-D902F3C1FEBA}.Release|x64.Build.0 = Release|x64
		{42DD258B-5BBE-4FB0-B3B1-D902F3C1FEBA}.Release|x86.ActiveCfg = Release|Win32
		{42DD258B-5BBE-4FB0-B3B1-D902F3C1FEBA}.Release|x86.Build.0 = Release|Win32
		{BBD54760-15B4-404F-8FF0-A3D9A0052B76}.Debug|x64.ActiveCfg = Debug|x64
		{BBD54760-15B4-404F-8FF0-A3D9A0052B76}.Debug|x64.Build.0 = Debug|x64
		{BBD54760-15B4-404F-8FF0-A3D9A0052B76}.Debug|x86.ActiveCfg = Debug|Win32
		{BBD54760-15B4-404F-8FF0-A3D9A0052B76}.Debug|x86.Build.0 = Debug|Win32
		{BBD54760-15B4-404F-8FF0-A3D9A0052B76}.Release|x64.ActiveCfg = Release|x64
		{BBD54760-15B4-404F-8FF0-A3D9A0052B76}.Release|x64.Build.0 = Release|x64
		{BBD54760-15B4-404F-8FF0-A3D9A0052B76}.Release|x86.ActiveCfg = Release|Win32
		{BBD54760-15B4-404F-8FF0-A3D9A0052B76}.Release|x86.Build.0 = Release|Win32
		{45F81F4E-0D1B-4671-880E-C89B9FACB1E5}.Debug|x64.ActiveCfg = Debug|x64
		{45F81F4E-0D1B-4671-880E-C89B9FACB1E5}.Debug|x64.Build.0 = Debug|x64
		{45F81F4E-0D1B-4671-880E-C89B9FACB1E5}.Debug|x86.ActiveCfg = Debug|Win32
		{45F81F4E-0D1B-4671-880E-C89B9FACB1E5}.Debug|x86.Build.0 = Debug|Win32
		{45F81F4E-0D1B-4671-880E-C89B9FACB1E5}.Release|x64.ActiveCfg = Release|x64
		{45F81F4E-0D1B-4671-880E-C89B9FACB1E5}.Release|x64.Build.0 = Release|x64
		{45F81F4E-0D1B-4671-880E-C89B9FACB1E5}.Release|x86.ActiveCfg = Release|Win32
		{45F81F4E-0D1B-4671-880E-C89B9FACB1E5}.Release|x86.Build.0 = Release|Win32
	EndGlobalSection
	GlobalSection(SolutionProperties) = preSolution
		HideSolutionNode = FALSE
	EndGlobalSection
	GlobalSection(ExtensibilityGlobals) = postSolution
		SolutionGuid = {F925ABF1-3FAF-4C19-8386-8B3D134ACC51}
	EndGlobalSection
EndGlobal
