<?xml version="1.0" encoding="utf-8"?>
<Project ToolsVersion="4.0" xmlns="http://schemas.microsoft.com/developer/msbuild/2003">
  <ItemGroup>
    <ClCompile Include="controller\Router.cpp" />
    <ClCompile Include="controller\SystemInterceptor.cpp" />
    <ClCompile Include="main.cpp" />
    <ClCompile Include="stdafx.cpp" />
    <ClCompile Include="controller\Certificate\CertificateController.cpp" />
    <ClCompile Include="controller\archive\ArchiveController.cpp" />
    <ClCompile Include="controller\Qualification\QualificationController.cpp" />
    <ClCompile Include="controller\ContractCategory\ContractCategoryController.cpp" />
    <ClCompile Include="controller\Title\TitleController.cpp" />
    <ClCompile Include="service\archive\ArchiveService.cpp" />
    <ClCompile Include="dao\archive\ArchiveDAO.cpp" />
    <ClCompile Include="service\Title\TitleService.cpp" />
    <ClCompile Include="dao\Title\TitleDAO.cpp" />
    <ClCompile Include="service\ContractCategory\ContractCategoryService.cpp" />
    <ClCompile Include="dao\contractcategory\ContractCategoryDAO.cpp" />
    <ClCompile Include="dao\contractType\ContractTypeDAO.cpp" />
    <ClCompile Include="service\contractType\ContractTypeService.cpp" />
    <ClCompile Include="dao\Certificate\CertificateDAO.cpp" />
    <ClCompile Include="dao\Qualification\QualificationDAO.cpp" />
    <ClCompile Include="service\Qualification\QualificationService.cpp" />
    <ClCompile Include="service\Certificate\CertificateService.cpp" />
    <ClCompile Include="controller\contractType\ContractTypeController.cpp" />
  </ItemGroup>
  <ItemGroup>
    <ClInclude Include="controller\OtherComponent.hpp" />
    <ClInclude Include="controller\Router.h" />
    <ClInclude Include="domain\do\archive\ArchiveDO.h" />
    <ClInclude Include="domain\do\DoInclude.h" />
    <ClInclude Include="domain\dto\certificate\CertificateDTO.h" />
    <ClInclude Include="domain\dto\contracttype\ContractTypeCreateDTO.h" />
    <ClInclude Include="domain\dto\contracttype\ContractTypeDeleteDTO.h" />
    <ClInclude Include="domain\dto\contracttype\ContractTypeDTO.h" />
    <ClInclude Include="domain\dto\contracttype\ContractTypeImportDTO.h" />
    <ClInclude Include="domain\dto\contracttype\ContractTypeUpdateDTO.h" />
    <ClInclude Include="domain\query\certificate\CertificateQuery.h" />
    <ClInclude Include="domain\query\contracttype\ContractTypeQuery.h" />
    <ClInclude Include="domain\vo\certificate\CertificateVO.h" />
    <ClInclude Include="domain\vo\contracttype\ContractTypeExportVO.h" />
    <ClInclude Include="domain\vo\contracttype\ContractTypeUpdateResultVO.h" />
    <ClInclude Include="domain\vo\contracttype\ContractTypeVO.h" />
    <ClInclude Include="domain\dto\archive\ArchiveDTO.h" />
    <ClInclude Include="domain\query\archive\ArchiveQuery.h" />
    <ClInclude Include="domain\vo\archive\ArchiveVO.h" />
    <ClInclude Include="domain\query\Qualification\QualificationQuery.h" />
    <ClInclude Include="Macros.h" />
    <ClInclude Include="ServerInfo.h" />
    <ClInclude Include="stdafx.h" />
    <ClInclude Include="domain\do\Title\TitleDO.h" />
    <ClInclude Include="domain\dto\Title\TitleDTO.h" />
    <ClInclude Include="domain\query\Title\TitleQuery.h" />
    <ClInclude Include="domain\vo\Title\TitleVO.h" />
    <ClInclude Include="controller\Certificate\CertificateController.h" />
    <ClInclude Include="controller\archive\ArchiveController.h" />
    <ClInclude Include="domain\do\contractcategory\ContractCategoryDO.h" />
    <ClInclude Include="controller\Qualification\QualificationController.h" />
    <ClInclude Include="domain\dto\Qualification\QualificationDTO.h" />
    <ClInclude Include="domain\vo\Qualification\QualificationVO.h" />
    <ClInclude Include="controller\ContractCategory\ContractCategoryController.h" />
    <ClInclude Include="domain\dto\contractcategory\ContractCategoryDTO.h" />
    <ClInclude Include="domain\query\contractcategory\ContractCategoryQuery.h" />
    <ClInclude Include="domain\vo\ContractCategory\ContractCategoryVO.h" />
    <ClInclude Include="controller\Title\TitleController.h" />
    <ClInclude Include="service\archive\ArchiveService.h" />
    <ClInclude Include="dao\archive\ArchiveDAO.h" />
    <ClInclude Include="service\Title\TitleService.h" />
    <ClInclude Include="dao\Title\TitleDAO.h" />
    <ClInclude Include="dao\Title\TitleMapper.h" />
    <ClInclude Include="service\ContractCategory\ContractCategoryService.h" />
    <ClInclude Include="dao\contractcategory\ContractCategoryDAO.h" />
    <ClInclude Include="dao\contractcategory\ContractCategoryMapper.h" />
    <ClInclude Include="dao\contractType\ContractTypeDAO.h" />
    <ClInclude Include="dao\contractType\ContractTypeMapper.h" />
    <ClInclude Include="domain\do\ContractType\ContractTypeDO.h" />
    <ClInclude Include="service\contractType\ContractTypeService.h" />
    <ClInclude Include="domain\GlobalInclude.h" />
    <ClInclude Include="dao\Certificate\CertificateMapper.h" />
    <ClInclude Include="dao\Certificate\CertificateDAO.h" />
    <ClInclude Include="domain\do\Certificate\CertificateDO.h" />
    <ClInclude Include="domain\do\Qualification\QualificationDO.h" />
    <ClInclude Include="dao\Qualification\QualificationDAO.h" />
    <ClInclude Include="dao\Qualification\QualificationMapper.h" />
    <ClInclude Include="service\Qualification\QualificationService.h" />
    <ClInclude Include="service\Certificate\CertificateService.h" />
    <ClInclude Include="controller\contractType\ContractTypeController.h" />
    <ClInclude Include="dao\archive\ArchiveMapper.h" />
  </ItemGroup>
  <ItemGroup>
    <None Include="zh-dict.yaml" />
  </ItemGroup>
</Project>