<?xml version="1.0" encoding="utf-8"?>
<Project ToolsVersion="4.0" xmlns="http://schemas.microsoft.com/developer/msbuild/2003">
  <ItemGroup>
    <ClCompile Include="controller\Router.cpp" />
    <ClCompile Include="controller\SystemInterceptor.cpp" />
    <ClCompile Include="main.cpp" />
    <ClCompile Include="stdafx.cpp" />
  </ItemGroup>
  <ItemGroup>
    <ClInclude Include="controller\OtherComponent.hpp" />
    <ClInclude Include="controller\Router.h" />
    <ClInclude Include="domain\do\archive\ArchiveDO.h" />
    <ClInclude Include="domain\do\DoInclude.h" />
    <ClInclude Include="domain\dto\certificate\CertificateDTO.h" />
    <ClInclude Include="domain\dto\contracttype\ContractTypeCreateDTO.h" />
    <ClInclude Include="domain\dto\contracttype\ContractTypeDeleteDTO.h" />
    <ClInclude Include="domain\dto\contracttype\ContractTypeDTO.h" />
    <ClInclude Include="domain\dto\contracttype\ContractTypeImportDTO.h" />
    <ClInclude Include="domain\dto\contracttype\ContractTypeUpdateDTO.h" />
    <ClInclude Include="domain\query\certificate\CertificateQuery.h" />
    <ClInclude Include="domain\query\contracttype\ContractTypeQuery.h" />
    <ClInclude Include="domain\vo\certificate\CertificateVO.h" />
    <ClInclude Include="domain\vo\contracttype\ContractTypeExportVO.h" />
    <ClInclude Include="domain\vo\contracttype\ContractTypeUpdateResultVO.h" />
    <ClInclude Include="domain\vo\contracttype\ContractTypeVO.h" />
    <ClInclude Include="domain\dto\archive\ArchiveDTO.h" />
    <ClInclude Include="domain\query\archive\ArchiveQuery.h" />
    <ClInclude Include="domain\vo\archive\ArchiveVO.h" />
    <ClInclude Include="Macros.h" />
    <ClInclude Include="ServerInfo.h" />
    <ClInclude Include="stdafx.h" />
  </ItemGroup>
</Project>