<?xml version="1.0" encoding="utf-8"?>
<Project ToolsVersion="4.0" xmlns="http://schemas.microsoft.com/developer/msbuild/2003">
  <ItemGroup>
    <Filter Include="源文件">
      <UniqueIdentifier>{4FC737F1-C7A5-4376-A066-2A32D752A2FF}</UniqueIdentifier>
      <Extensions>cpp;c;cc;cxx;c++;cppm;ixx;def;odl;idl;hpj;bat;asm;asmx</Extensions>
    </Filter>
    <Filter Include="头文件">
      <UniqueIdentifier>{93995380-89BD-4b04-88EB-625FBE52EBFB}</UniqueIdentifier>
      <Extensions>h;hh;hpp;hxx;h++;hm;inl;inc;ipp;xsd</Extensions>
    </Filter>
    <Filter Include="资源文件">
      <UniqueIdentifier>{67DA6AB6-F800-4c08-8B7A-83BB121AAD01}</UniqueIdentifier>
      <Extensions>rc;ico;cur;bmp;dlg;rc2;rct;bin;rgs;gif;jpg;jpeg;jpe;resx;tiff;tif;png;wav;mfcribbon-ms</Extensions>
    </Filter>
  </ItemGroup>
  <ItemGroup>
    <ClInclude Include="Macros.h">
      <Filter>头文件</Filter>
    </ClInclude>
    <ClInclude Include="ServerInfo.h">
      <Filter>头文件</Filter>
    </ClInclude>
    <ClInclude Include="stdafx.h">
      <Filter>头文件</Filter>
    </ClInclude>
    <ClInclude Include="domain\do\DoInclude.h">
      <Filter>头文件</Filter>
    </ClInclude>
    <ClInclude Include="domain\GlobalInclude.h">
      <Filter>头文件</Filter>
    </ClInclude>
    <ClInclude Include="controller\OtherComponent.hpp">
      <Filter>头文件</Filter>
    </ClInclude>
    <ClInclude Include="controller\Router.h">
      <Filter>头文件</Filter>
    </ClInclude>
    <ClInclude Include="domain\query\educationPage\EducationPageQuery.h">
      <Filter>头文件</Filter>
    </ClInclude>
    <ClInclude Include="domain\dto\education\EducationDTO.h">
      <Filter>头文件</Filter>
    </ClInclude>
    <ClInclude Include="controller\education\EducationController.h">
      <Filter>头文件</Filter>
    </ClInclude>
    <ClInclude Include="domain\query\educationSingle\EducationSingleQuery.h">
      <Filter>头文件</Filter>
    </ClInclude>
    <ClInclude Include="domain\vo\education\EducationJsonVO.h">
      <Filter>头文件</Filter>
    </ClInclude>
    <ClInclude Include="domain\dto\educationDelete\EducationDeleteDTO.h">
      <Filter>头文件</Filter>
    </ClInclude>
    <ClInclude Include="domain\dto\educationImport\EducationImportDTO.h">
      <Filter>头文件</Filter>
    </ClInclude>
    <ClInclude Include="domain\vo\educationImport\EducationImportVO.h">
      <Filter>头文件</Filter>
    </ClInclude>
    <ClInclude Include="domain\query\educationExport\EducationExportQuery.h">
      <Filter>头文件</Filter>
    </ClInclude>
    <ClInclude Include="domain\do\education\EducationDO.h">
      <Filter>头文件</Filter>
    </ClInclude>
    <ClInclude Include="domain\dto\addEmployeeInfoDTO\AddEmployeeInfoDTO.h">
      <Filter>头文件</Filter>
    </ClInclude>
    <ClInclude Include="service\education\EducationService.h">
      <Filter>头文件</Filter>
    </ClInclude>
    <ClInclude Include="dao\education\EducationDAO.h">
      <Filter>头文件</Filter>
    </ClInclude>
    <ClInclude Include="dao\education\EducationMapper.h">
      <Filter>头文件</Filter>
    </ClInclude>
    <ClInclude Include="domain\dto\educationAdd\EducationAddDTO.h">
      <Filter>头文件</Filter>
    </ClInclude>
  </ItemGroup>
  <ItemGroup>
    <ClCompile Include="main.cpp">
      <Filter>源文件</Filter>
    </ClCompile>
    <ClCompile Include="stdafx.cpp">
      <Filter>源文件</Filter>
    </ClCompile>
    <ClCompile Include="controller\Router.cpp">
      <Filter>源文件</Filter>
    </ClCompile>
    <ClCompile Include="controller\SystemInterceptor.cpp">
      <Filter>源文件</Filter>
    </ClCompile>
    <ClCompile Include="controller\education\EducationController.cpp">
      <Filter>源文件</Filter>
    </ClCompile>
    <ClCompile Include="service\education\EducationService.cpp">
      <Filter>源文件</Filter>
    </ClCompile>
    <ClCompile Include="dao\education\EducationDAO.cpp">
      <Filter>源文件</Filter>
    </ClCompile>
  </ItemGroup>
</Project>