<?xml version="1.0" encoding="utf-8"?>
<Project ToolsVersion="4.0" xmlns="http://schemas.microsoft.com/developer/msbuild/2003">
  <ItemGroup>
    <Filter Include="源文件">
      <UniqueIdentifier>{4FC737F1-C7A5-4376-A066-2A32D752A2FF}</UniqueIdentifier>
      <Extensions>cpp;c;cc;cxx;c++;cppm;ixx;def;odl;idl;hpj;bat;asm;asmx</Extensions>
    </Filter>
    <Filter Include="头文件">
      <UniqueIdentifier>{93995380-89BD-4b04-88EB-625FBE52EBFB}</UniqueIdentifier>
      <Extensions>h;hh;hpp;hxx;h++;hm;inl;inc;ipp;xsd</Extensions>
    </Filter>
    <Filter Include="资源文件">
      <UniqueIdentifier>{67DA6AB6-F800-4c08-8B7A-83BB121AAD01}</UniqueIdentifier>
      <Extensions>rc;ico;cur;bmp;dlg;rc2;rct;bin;rgs;gif;jpg;jpeg;jpe;resx;tiff;tif;png;wav;mfcribbon-ms</Extensions>
    </Filter>
  </ItemGroup>
  <ItemGroup>
    <ClCompile Include="main.cpp">
      <Filter>源文件</Filter>
    </ClCompile>
    <ClCompile Include="stdafx.cpp">
      <Filter>源文件</Filter>
    </ClCompile>
    <ClCompile Include="uselib\excel\TestExcel.cpp">
      <Filter>源文件</Filter>
    </ClCompile>
    <ClCompile Include="uselib\mongo\TestMongo.cpp">
      <Filter>源文件</Filter>
    </ClCompile>
    <ClCompile Include="uselib\mysql\TestDb.cpp">
      <Filter>源文件</Filter>
    </ClCompile>
    <ClCompile Include="uselib\redis\TestRedis.cpp">
      <Filter>源文件</Filter>
    </ClCompile>
    <ClCompile Include="controller\SystemInterceptor.cpp">
      <Filter>源文件</Filter>
    </ClCompile>
    <ClCompile Include="controller\user\UserController.cpp">
      <Filter>源文件</Filter>
    </ClCompile>
    <ClCompile Include="dao\sample\SampleDAO.cpp">
      <Filter>源文件</Filter>
    </ClCompile>
    <ClCompile Include="controller\Router.cpp">
      <Filter>源文件</Filter>
    </ClCompile>
    <ClCompile Include="service\sample\SampleService.cpp">
      <Filter>源文件</Filter>
    </ClCompile>
    <ClCompile Include="controller\sample\SampleController.cpp">
      <Filter>源文件</Filter>
    </ClCompile>
    <ClCompile Include="uselib\fastdfs\TestFastDfs.cpp">
      <Filter>源文件</Filter>
    </ClCompile>
    <ClCompile Include="uselib\rocketmq\TestRocket.cpp">
      <Filter>源文件</Filter>
    </ClCompile>
    <ClCompile Include="uselib\ws\WSInstanceListener.cpp">
      <Filter>源文件</Filter>
    </ClCompile>
    <ClCompile Include="uselib\ws\WSListener.cpp">
      <Filter>源文件</Filter>
    </ClCompile>
    <ClCompile Include="uselib\jwt\TestToken.cpp">
      <Filter>源文件</Filter>
    </ClCompile>
  </ItemGroup>
  <ItemGroup>
    <ClInclude Include="Macros.h">
      <Filter>头文件</Filter>
    </ClInclude>
    <ClInclude Include="stdafx.h">
      <Filter>头文件</Filter>
    </ClInclude>
    <ClInclude Include="ServerInfo.h">
      <Filter>头文件</Filter>
    </ClInclude>
    <ClInclude Include="uselib\excel\TestExcel.h">
      <Filter>头文件</Filter>
    </ClInclude>
    <ClInclude Include="uselib\mongo\TestMongo.h">
      <Filter>头文件</Filter>
    </ClInclude>
    <ClInclude Include="uselib\mysql\LibTest.h">
      <Filter>头文件</Filter>
    </ClInclude>
    <ClInclude Include="uselib\mysql\TestDb.h">
      <Filter>头文件</Filter>
    </ClInclude>
    <ClInclude Include="uselib\redis\TestRedis.h">
      <Filter>头文件</Filter>
    </ClInclude>
    <ClInclude Include="domain\do\sample\SampleDO.h">
      <Filter>头文件</Filter>
    </ClInclude>
    <ClInclude Include="domain\do\DoInclude.h">
      <Filter>头文件</Filter>
    </ClInclude>
    <ClInclude Include="domain\GlobalInclude.h">
      <Filter>头文件</Filter>
    </ClInclude>
    <ClInclude Include="domain\vo\user\UserVO.h">
      <Filter>头文件</Filter>
    </ClInclude>
    <ClInclude Include="domain\dto\user\UserDTO.h">
      <Filter>头文件</Filter>
    </ClInclude>
    <ClInclude Include="controller\user\UserController.h">
      <Filter>头文件</Filter>
    </ClInclude>
    <ClInclude Include="domain\query\user\UserQuery.h">
      <Filter>头文件</Filter>
    </ClInclude>
    <ClInclude Include="dao\sample\SampleDAO.h">
      <Filter>头文件</Filter>
    </ClInclude>
    <ClInclude Include="dao\sample\SampleMapper.h">
      <Filter>头文件</Filter>
    </ClInclude>
    <ClInclude Include="controller\Router.h">
      <Filter>头文件</Filter>
    </ClInclude>
    <ClInclude Include="domain\vo\sample\SampleVO.h">
      <Filter>头文件</Filter>
    </ClInclude>
    <ClInclude Include="domain\query\sample\SampleQuery.h">
      <Filter>头文件</Filter>
    </ClInclude>
    <ClInclude Include="domain\dto\sample\SampleDTO.h">
      <Filter>头文件</Filter>
    </ClInclude>
    <ClInclude Include="service\sample\SampleService.h">
      <Filter>头文件</Filter>
    </ClInclude>
    <ClInclude Include="controller\sample\SampleController.h">
      <Filter>头文件</Filter>
    </ClInclude>
    <ClInclude Include="uselib\fastdfs\TestFastDfs.h">
      <Filter>头文件</Filter>
    </ClInclude>
    <ClInclude Include="uselib\rocketmq\TestRocket.h">
      <Filter>头文件</Filter>
    </ClInclude>
    <ClInclude Include="controller\OtherComponent.hpp">
      <Filter>头文件</Filter>
    </ClInclude>
    <ClInclude Include="uselib\ws\WSController.h">
      <Filter>头文件</Filter>
    </ClInclude>
    <ClInclude Include="uselib\ws\WSInstanceListener.h">
      <Filter>头文件</Filter>
    </ClInclude>
    <ClInclude Include="uselib\ws\WSListener.h">
      <Filter>头文件</Filter>
    </ClInclude>
    <ClInclude Include="domain\vo\user\MenuVO.h">
      <Filter>头文件</Filter>
    </ClInclude>
    <ClInclude Include="domain\do\user\MenuDO.h">
      <Filter>头文件</Filter>
    </ClInclude>
    <ClInclude Include="service\user\TreeMenuMapper.h">
      <Filter>头文件</Filter>
    </ClInclude>
    <ClInclude Include="domain\dto\user\MenuDTO.h">
      <Filter>头文件</Filter>
    </ClInclude>
    <ClInclude Include="domain\query\filestatus\FilestatusQuery.h">
      <Filter>头文件</Filter>
    </ClInclude>
    <ClInclude Include="domain\vo\filestatus\FilestatusVO.h">
      <Filter>头文件</Filter>
    </ClInclude>
    <ClInclude Include="uselib\jwt\TestToken.h">
      <Filter>头文件</Filter>
    </ClInclude>
  </ItemGroup>
</Project>