<?xml version="1.0" encoding="utf-8"?>
<Project ToolsVersion="4.0" xmlns="http://schemas.microsoft.com/developer/msbuild/2003">
  <ItemGroup>
    <Filter Include="源文件">
      <UniqueIdentifier>{4FC737F1-C7A5-4376-A066-2A32D752A2FF}</UniqueIdentifier>
      <Extensions>cpp;c;cc;cxx;c++;cppm;ixx;def;odl;idl;hpj;bat;asm;asmx</Extensions>
    </Filter>
    <Filter Include="头文件">
      <UniqueIdentifier>{93995380-89BD-4b04-88EB-625FBE52EBFB}</UniqueIdentifier>
      <Extensions>h;hh;hpp;hxx;h++;hm;inl;inc;ipp;xsd</Extensions>
    </Filter>
    <Filter Include="资源文件">
      <UniqueIdentifier>{67DA6AB6-F800-4c08-8B7A-83BB121AAD01}</UniqueIdentifier>
      <Extensions>rc;ico;cur;bmp;dlg;rc2;rct;bin;rgs;gif;jpg;jpeg;jpe;resx;tiff;tif;png;wav;mfcribbon-ms</Extensions>
    </Filter>
  </ItemGroup>
  <ItemGroup>
    <ClCompile Include="main.cpp">
      <Filter>源文件</Filter>
    </ClCompile>
    <ClCompile Include="stdafx.cpp">
      <Filter>源文件</Filter>
    </ClCompile>
    <ClCompile Include="controller\Router.cpp">
      <Filter>源文件</Filter>
    </ClCompile>
    <ClCompile Include="controller\SystemInterceptor.cpp">
      <Filter>源文件</Filter>
    </ClCompile>
    <ClCompile Include="controller\LegalEntityMai\LegalEntityMaiController.cpp">
      <Filter>源文件</Filter>
    </ClCompile>
    <ClCompile Include="controller\LegalEntitySet\ExportLegalerSetingController.cpp">
      <Filter>源文件</Filter>
    </ClCompile>
    <ClCompile Include="controller\LegalEntitySet\LegalerNamePullDownListController.cpp">
      <Filter>源文件</Filter>
    </ClCompile>
    <ClCompile Include="controller\LegalEntitySet\UpdateLegalerSetingMessageController.cpp">
      <Filter>源文件</Filter>
    </ClCompile>
    <ClCompile Include="service\LegalEntityMai\LegalEntityMaiService.cpp">
      <Filter>源文件</Filter>
    </ClCompile>
    <ClCompile Include="controller\LegalEntitySet\ImportLeagalPerSettingController.cpp">
      <Filter>源文件</Filter>
    </ClCompile>
    <ClCompile Include="controller\LegalEntitySet\DeleteLegalEntityController.cpp">
      <Filter>源文件</Filter>
    </ClCompile>
    <ClCompile Include="dao\LegalEntitySet\DeleteLegalEntityDAO.cpp">
      <Filter>源文件</Filter>
    </ClCompile>
    <ClCompile Include="service\LegalEntitySet\DeleteLegalEntityService.cpp">
      <Filter>源文件</Filter>
    </ClCompile>
    <ClCompile Include="controller\LegalEntitySet\LegalEntitySetController.cpp">
      <Filter>源文件</Filter>
    </ClCompile>
    <ClCompile Include="dao\LegalEntityMai\LegalEntityMaiDAO.cpp">
      <Filter>源文件</Filter>
    </ClCompile>
    <ClCompile Include="dao\LegalEntitySet\LegalEntitySetDAO.cpp">
      <Filter>源文件</Filter>
    </ClCompile>
    <ClCompile Include="service\LegalEntitySet\LegalEntitySetService.cpp">
      <Filter>源文件</Filter>
    </ClCompile>
  </ItemGroup>
  <ItemGroup>
    <ClInclude Include="Macros.h">
      <Filter>头文件</Filter>
    </ClInclude>
    <ClInclude Include="ServerInfo.h">
      <Filter>头文件</Filter>
    </ClInclude>
    <ClInclude Include="stdafx.h">
      <Filter>头文件</Filter>
    </ClInclude>
    <ClInclude Include="controller\OtherComponent.hpp">
      <Filter>头文件</Filter>
    </ClInclude>
    <ClInclude Include="controller\Router.h">
      <Filter>头文件</Filter>
    </ClInclude>
    <ClInclude Include="domain\do\DoInclude.h">
      <Filter>头文件</Filter>
    </ClInclude>
    <ClInclude Include="controller\LegalEntityMai\LegalEntityMaiController.h">
      <Filter>头文件</Filter>
    </ClInclude>
    <ClInclude Include="domain\do\LegalEntityMai\ormsignorgDO.h">
      <Filter>头文件</Filter>
    </ClInclude>
    <ClInclude Include="domain\dto\LegalEntityMai\LegalEntityMaiDTO.h">
      <Filter>头文件</Filter>
    </ClInclude>
    <ClInclude Include="domain\query\LegalEntityMai\LegalEntityMaiQuery.h">
      <Filter>头文件</Filter>
    </ClInclude>
    <ClInclude Include="domain\vo\LegalEntityMai\LegalEntityMaiVO.h">
      <Filter>头文件</Filter>
    </ClInclude>
    <ClInclude Include="domain\do\LegalEntitySet\ExportLegalerSetingDO.h">
      <Filter>头文件</Filter>
    </ClInclude>
    <ClInclude Include="domain\do\LegalEntitySet\LegalerNamePullDownListDO.h">
      <Filter>头文件</Filter>
    </ClInclude>
    <ClInclude Include="domain\do\LegalEntitySet\UpdateLegalerSetingMessageDO.h">
      <Filter>头文件</Filter>
    </ClInclude>
    <ClInclude Include="domain\dto\LegalEntitySet\ExportLegalerSetingDTO.h">
      <Filter>头文件</Filter>
    </ClInclude>
    <ClInclude Include="domain\dto\LegalEntitySet\LegalerNamePullDownListDTO.h">
      <Filter>头文件</Filter>
    </ClInclude>
    <ClInclude Include="domain\dto\LegalEntitySet\UpdateLegalerSetingMessageDTO.h">
      <Filter>头文件</Filter>
    </ClInclude>
    <ClInclude Include="controller\LegalEntitySet\ExportLegalerSetingController.h">
      <Filter>头文件</Filter>
    </ClInclude>
    <ClInclude Include="controller\LegalEntitySet\LegalerNamePullDownListController.h">
      <Filter>头文件</Filter>
    </ClInclude>
    <ClInclude Include="controller\LegalEntitySet\UpdateLegalerSetingMessageController.h">
      <Filter>头文件</Filter>
    </ClInclude>
    <ClInclude Include="domain\query\LegalEntitySet\LegalerNamePullDownListQuery.h">
      <Filter>头文件</Filter>
    </ClInclude>
    <ClInclude Include="domain\vo\LegalEntitySet\LegalerNamePullDownListVO.h">
      <Filter>头文件</Filter>
    </ClInclude>
    <ClInclude Include="domain\vo\LegalEntitySet\ExportLegalerSetingVO.h">
      <Filter>头文件</Filter>
    </ClInclude>
    <ClInclude Include="domain\vo\LegalEntitySet\UpdateLegalerSetingMessageVO.h">
      <Filter>头文件</Filter>
    </ClInclude>
    <ClInclude Include="domain\query\LegalEntitySet\ExportLegalerSetingQuery.h">
      <Filter>头文件</Filter>
    </ClInclude>
    <ClInclude Include="domain\GlobalInclude.h">
      <Filter>头文件</Filter>
    </ClInclude>
    <ClInclude Include="service\LegalEntityMai\LegalEntityMaiService.h">
      <Filter>头文件</Filter>
    </ClInclude>
    <ClInclude Include="controller\LegalEntitySet\ImportLeagalPerSettingController.h">
      <Filter>头文件</Filter>
    </ClInclude>
    <ClInclude Include="domain\dto\LegalEntitySet\ImportLeagalPerSettingDTO.h">
      <Filter>头文件</Filter>
    </ClInclude>
    <ClInclude Include="service\LegalEntitySet\ImportLeagalPerSettingService.h">
      <Filter>头文件</Filter>
    </ClInclude>
    <ClInclude Include="controller\LegalEntitySet\DeleteLegalEntityController.h">
      <Filter>头文件</Filter>
    </ClInclude>
    <ClInclude Include="dao\LegalEntitySet\DeleteLegalEntityDAO.h">
      <Filter>头文件</Filter>
    </ClInclude>
    <ClInclude Include="dao\LegalEntitySet\DeleteLegalEntityMapper.h">
      <Filter>头文件</Filter>
    </ClInclude>
    <ClInclude Include="domain\do\LegalEntitySet\LegalEntitySetDO.h">
      <Filter>头文件</Filter>
    </ClInclude>
    <ClInclude Include="domain\dto\LegalEntitySet\DeleteLegalEntityDTO.h">
      <Filter>头文件</Filter>
    </ClInclude>
    <ClInclude Include="domain\query\LegalEntitySet\DeleteLegalEntityQuery.h">
      <Filter>头文件</Filter>
    </ClInclude>
    <ClInclude Include="domain\vo\LegalEntitySet\DeleteLegalEntityVO.h">
      <Filter>头文件</Filter>
    </ClInclude>
    <ClInclude Include="service\LegalEntitySet\DeleteLegalEntityService.h">
      <Filter>头文件</Filter>
    </ClInclude>
    <ClInclude Include="controller\LegalEntitySet\LegalEntitySetController.h">
      <Filter>头文件</Filter>
    </ClInclude>
    <ClInclude Include="dao\LegalEntityMai\LegalEntityMaiDAO.h">
      <Filter>头文件</Filter>
    </ClInclude>
    <ClInclude Include="dao\LegalEntityMai\LegalEntityMaiMapper.h">
      <Filter>头文件</Filter>
    </ClInclude>
    <ClInclude Include="dao\LegalEntitySet\LegalEntitySetDAO.h">
      <Filter>头文件</Filter>
    </ClInclude>
    <ClInclude Include="dao\LegalEntitySet\LegalEntitySetMapper.h">
      <Filter>头文件</Filter>
    </ClInclude>
    <ClInclude Include="dao\LegalEntitySet\LegalEntitySetUpdateDTO.h">
      <Filter>头文件</Filter>
    </ClInclude>
    <ClInclude Include="domain\dto\LegalEntityMai\LegalEntityMaiAddDTO.h">
      <Filter>头文件</Filter>
    </ClInclude>
    <ClInclude Include="domain\dto\LegalEntityMai\LegalEntityMaiDelDTO.h">
      <Filter>头文件</Filter>
    </ClInclude>
    <ClInclude Include="domain\dto\LegalEntityMai\LegalEntityMaiMqDTO.h">
      <Filter>头文件</Filter>
    </ClInclude>
    <ClInclude Include="domain\dto\LegalEntitySet\LegalEntityAddSetDTO.h">
      <Filter>头文件</Filter>
    </ClInclude>
    <ClInclude Include="domain\dto\LegalEntitySet\LegalEntitySetDTO.h">
      <Filter>头文件</Filter>
    </ClInclude>
    <ClInclude Include="domain\dto\LegalEntitySet\LegalEntitySetQueryDTO.h">
      <Filter>头文件</Filter>
    </ClInclude>
    <ClInclude Include="domain\dto\LegalEntitySet\LegalEntitySetUpdateDTO.h">
      <Filter>头文件</Filter>
    </ClInclude>
    <ClInclude Include="domain\query\LegalEntitySet\LegalEntitySetQuery.h">
      <Filter>头文件</Filter>
    </ClInclude>
    <ClInclude Include="domain\vo\LegalEntitySet\LegalEntitySetVO.h">
      <Filter>头文件</Filter>
    </ClInclude>
    <ClInclude Include="service\LegalEntitySet\LegalEntitySetService.h">
      <Filter>头文件</Filter>
    </ClInclude>
  </ItemGroup>
  <ItemGroup>
    <None Include="zh-dict.yaml" />
  </ItemGroup>
</Project>